// !$*UTF8*$!
{
	archiveVersion = 1;
	classes = {
	};
	objectVersion = 50;
	objects = {

/* Begin PBXBuildFile section */
		4F081B76229BDD1A00B2004B /* MZAppleEvents.h in Headers */ = {isa = PBXBuildFile; fileRef = 4F081B74229BDD1A00B2004B /* MZAppleEvents.h */; settings = {ATTRIBUTES = (Public, ); }; };
		4F081B7C229BDD3B00B2004B /* Unflatten.swift in Sources */ = {isa = PBXBuildFile; fileRef = 4F1EA9AB228351D8000E0A3A /* Unflatten.swift */; };
		4F081B7D229BDD3B00B2004B /* PackFuncs.swift in Sources */ = {isa = PBXBuildFile; fileRef = 4F1EA9AA228351D8000E0A3A /* PackFuncs.swift */; };
		4F081B7E229BDD3B00B2004B /* UnpackFuncs.swift in Sources */ = {isa = PBXBuildFile; fileRef = 4F1EA9AC228351D8000E0A3A /* UnpackFuncs.swift */; };
		4F081B7F229BDD3B00B2004B /* Descriptor.swift in Sources */ = {isa = PBXBuildFile; fileRef = 4F1EA9B4228351E9000E0A3A /* Descriptor.swift */; };
		4F081B80229BDD3B00B2004B /* ScalarDescriptor.swift in Sources */ = {isa = PBXBuildFile; fileRef = 4F1EA9B0228351E9000E0A3A /* ScalarDescriptor.swift */; };
		4F081B81229BDD3B00B2004B /* AddressDescriptor.swift in Sources */ = {isa = PBXBuildFile; fileRef = 4F1EA9B1228351E9000E0A3A /* AddressDescriptor.swift */; };
		4F081B82229BDD3B00B2004B /* ListDescriptor.swift in Sources */ = {isa = PBXBuildFile; fileRef = 4F1EA9B3228351E9000E0A3A /* ListDescriptor.swift */; };
		4F081B83229BDD3B00B2004B /* RecordDescriptor.swift in Sources */ = {isa = PBXBuildFile; fileRef = 4F1EA9B6228351E9000E0A3A /* RecordDescriptor.swift */; };
		4F081B84229BDD3B00B2004B /* QueryDescriptors.swift in Sources */ = {isa = PBXBuildFile; fileRef = 4F1EA9B2228351E9000E0A3A /* QueryDescriptors.swift */; };
		4F081B85229BDD3B00B2004B /* TestDescriptors.swift in Sources */ = {isa = PBXBuildFile; fileRef = 4F1EA9EB2283FC26000E0A3A /* TestDescriptors.swift */; };
		4F081B86229BDD3B00B2004B /* AppleEventDescriptor.swift in Sources */ = {isa = PBXBuildFile; fileRef = 4F1EA9B5228351E9000E0A3A /* AppleEventDescriptor.swift */; };
		4F081B87229BDD3B00B2004B /* AppleEventHandler.swift in Sources */ = {isa = PBXBuildFile; fileRef = 4FD23EAB229965E2006792A7 /* AppleEventHandler.swift */; };
		4F081B88229BDD3B00B2004B /* AppleEventError.swift in Sources */ = {isa = PBXBuildFile; fileRef = 4F1EA9BE22835212000E0A3A /* AppleEventError.swift */; };
		4F081B89229BDD3B00B2004B /* Support.swift in Sources */ = {isa = PBXBuildFile; fileRef = 4F1EA9BF22835212000E0A3A /* Support.swift */; };
		4F081B8A229BDD3B00B2004B /* Constants.swift in Sources */ = {isa = PBXBuildFile; fileRef = 4F1EA9C022835213000E0A3A /* Constants.swift */; };
		4F081B8B229BDD3B00B2004B /* CarbonShim.swift in Sources */ = {isa = PBXBuildFile; fileRef = 4FD23EAE22997BD6006792A7 /* CarbonShim.swift */; };
		4F081BEF229BEAB100B2004B /* MZCarbonShim.h in Headers */ = {isa = PBXBuildFile; fileRef = 4F081BED229BEAB100B2004B /* MZCarbonShim.h */; settings = {ATTRIBUTES = (Public, ); }; };
		4F081BF5229BEB7C00B2004B /* MZCarbonShim.m in Sources */ = {isa = PBXBuildFile; fileRef = 4F081BF4229BEB7C00B2004B /* MZCarbonShim.m */; };
		4F081BFA229BEC0000B2004B /* MZCarbonShim.framework in Frameworks */ = {isa = PBXBuildFile; fileRef = 4F081BEB229BEAB100B2004B /* MZCarbonShim.framework */; };
		4F1EA9A022835040000E0A3A /* AppleEvents.h in Headers */ = {isa = PBXBuildFile; fileRef = 4F1EA99E22835040000E0A3A /* AppleEvents.h */; settings = {ATTRIBUTES = (Public, ); }; };
		4F1EA9AD228351D8000E0A3A /* PackFuncs.swift in Sources */ = {isa = PBXBuildFile; fileRef = 4F1EA9AA228351D8000E0A3A /* PackFuncs.swift */; };
		4F1EA9AE228351D8000E0A3A /* Unflatten.swift in Sources */ = {isa = PBXBuildFile; fileRef = 4F1EA9AB228351D8000E0A3A /* Unflatten.swift */; };
		4F1EA9AF228351D8000E0A3A /* UnpackFuncs.swift in Sources */ = {isa = PBXBuildFile; fileRef = 4F1EA9AC228351D8000E0A3A /* UnpackFuncs.swift */; };
		4F1EA9B7228351E9000E0A3A /* ScalarDescriptor.swift in Sources */ = {isa = PBXBuildFile; fileRef = 4F1EA9B0228351E9000E0A3A /* ScalarDescriptor.swift */; };
		4F1EA9B8228351E9000E0A3A /* AddressDescriptor.swift in Sources */ = {isa = PBXBuildFile; fileRef = 4F1EA9B1228351E9000E0A3A /* AddressDescriptor.swift */; };
		4F1EA9B9228351E9000E0A3A /* QueryDescriptors.swift in Sources */ = {isa = PBXBuildFile; fileRef = 4F1EA9B2228351E9000E0A3A /* QueryDescriptors.swift */; };
		4F1EA9BA228351E9000E0A3A /* ListDescriptor.swift in Sources */ = {isa = PBXBuildFile; fileRef = 4F1EA9B3228351E9000E0A3A /* ListDescriptor.swift */; };
		4F1EA9BB228351E9000E0A3A /* Descriptor.swift in Sources */ = {isa = PBXBuildFile; fileRef = 4F1EA9B4228351E9000E0A3A /* Descriptor.swift */; };
		4F1EA9BC228351E9000E0A3A /* AppleEventDescriptor.swift in Sources */ = {isa = PBXBuildFile; fileRef = 4F1EA9B5228351E9000E0A3A /* AppleEventDescriptor.swift */; };
		4F1EA9BD228351E9000E0A3A /* RecordDescriptor.swift in Sources */ = {isa = PBXBuildFile; fileRef = 4F1EA9B6228351E9000E0A3A /* RecordDescriptor.swift */; };
		4F1EA9C122835213000E0A3A /* AppleEventError.swift in Sources */ = {isa = PBXBuildFile; fileRef = 4F1EA9BE22835212000E0A3A /* AppleEventError.swift */; };
		4F1EA9C222835213000E0A3A /* Support.swift in Sources */ = {isa = PBXBuildFile; fileRef = 4F1EA9BF22835212000E0A3A /* Support.swift */; };
		4F1EA9C322835213000E0A3A /* Constants.swift in Sources */ = {isa = PBXBuildFile; fileRef = 4F1EA9C022835213000E0A3A /* Constants.swift */; };
		4F1EA9CB22835239000E0A3A /* main.swift in Sources */ = {isa = PBXBuildFile; fileRef = 4F1EA9CA22835239000E0A3A /* main.swift */; };
		4F1EA9DE22835260000E0A3A /* Foundation.framework in Frameworks */ = {isa = PBXBuildFile; fileRef = 4F1EA9DD22835260000E0A3A /* Foundation.framework */; };
		4F1EA9DF22835276000E0A3A /* Foundation.framework in Frameworks */ = {isa = PBXBuildFile; fileRef = 4F1EA9DD22835260000E0A3A /* Foundation.framework */; };
		4F1EA9EC2283FC26000E0A3A /* TestDescriptors.swift in Sources */ = {isa = PBXBuildFile; fileRef = 4F1EA9EB2283FC26000E0A3A /* TestDescriptors.swift */; };
		4F21AF2822861CB000A1B978 /* AppleEvents.h in Headers */ = {isa = PBXBuildFile; fileRef = 4F1EA99E22835040000E0A3A /* AppleEvents.h */; settings = {ATTRIBUTES = (Public, ); }; };
		4F21AF2922861CB000A1B978 /* Unflatten.swift in Sources */ = {isa = PBXBuildFile; fileRef = 4F1EA9AB228351D8000E0A3A /* Unflatten.swift */; };
		4F21AF2A22861CB000A1B978 /* PackFuncs.swift in Sources */ = {isa = PBXBuildFile; fileRef = 4F1EA9AA228351D8000E0A3A /* PackFuncs.swift */; };
		4F21AF2B22861CB000A1B978 /* UnpackFuncs.swift in Sources */ = {isa = PBXBuildFile; fileRef = 4F1EA9AC228351D8000E0A3A /* UnpackFuncs.swift */; };
		4F21AF2C22861CB000A1B978 /* Descriptor.swift in Sources */ = {isa = PBXBuildFile; fileRef = 4F1EA9B4228351E9000E0A3A /* Descriptor.swift */; };
		4F21AF2D22861CB000A1B978 /* ScalarDescriptor.swift in Sources */ = {isa = PBXBuildFile; fileRef = 4F1EA9B0228351E9000E0A3A /* ScalarDescriptor.swift */; };
		4F21AF2E22861CB000A1B978 /* AddressDescriptor.swift in Sources */ = {isa = PBXBuildFile; fileRef = 4F1EA9B1228351E9000E0A3A /* AddressDescriptor.swift */; };
		4F21AF2F22861CB000A1B978 /* ListDescriptor.swift in Sources */ = {isa = PBXBuildFile; fileRef = 4F1EA9B3228351E9000E0A3A /* ListDescriptor.swift */; };
		4F21AF3022861CB000A1B978 /* RecordDescriptor.swift in Sources */ = {isa = PBXBuildFile; fileRef = 4F1EA9B6228351E9000E0A3A /* RecordDescriptor.swift */; };
		4F21AF3122861CB000A1B978 /* QueryDescriptors.swift in Sources */ = {isa = PBXBuildFile; fileRef = 4F1EA9B2228351E9000E0A3A /* QueryDescriptors.swift */; };
		4F21AF3222861CB000A1B978 /* TestDescriptors.swift in Sources */ = {isa = PBXBuildFile; fileRef = 4F1EA9EB2283FC26000E0A3A /* TestDescriptors.swift */; };
		4F21AF3322861CB000A1B978 /* AppleEventDescriptor.swift in Sources */ = {isa = PBXBuildFile; fileRef = 4F1EA9B5228351E9000E0A3A /* AppleEventDescriptor.swift */; };
		4F21AF3422861CB000A1B978 /* Support.swift in Sources */ = {isa = PBXBuildFile; fileRef = 4F1EA9BF22835212000E0A3A /* Support.swift */; };
		4F21AF3522861CB000A1B978 /* AppleEventError.swift in Sources */ = {isa = PBXBuildFile; fileRef = 4F1EA9BE22835212000E0A3A /* AppleEventError.swift */; };
		4F21AF3622861CB000A1B978 /* Constants.swift in Sources */ = {isa = PBXBuildFile; fileRef = 4F1EA9C022835213000E0A3A /* Constants.swift */; };
		4F21AF3722861CC800A1B978 /* Foundation.framework in Frameworks */ = {isa = PBXBuildFile; fileRef = 4F1EA9DD22835260000E0A3A /* Foundation.framework */; };
		4FD23EAC229965E3006792A7 /* AppleEventHandler.swift in Sources */ = {isa = PBXBuildFile; fileRef = 4FD23EAB229965E2006792A7 /* AppleEventHandler.swift */; };
		4FD23EAD229965E3006792A7 /* AppleEventHandler.swift in Sources */ = {isa = PBXBuildFile; fileRef = 4FD23EAB229965E2006792A7 /* AppleEventHandler.swift */; };
		4FD23EAF22997BD6006792A7 /* CarbonShim.swift in Sources */ = {isa = PBXBuildFile; fileRef = 4FD23EAE22997BD6006792A7 /* CarbonShim.swift */; };
		4FD23EB022997BD6006792A7 /* CarbonShim.swift in Sources */ = {isa = PBXBuildFile; fileRef = 4FD23EAE22997BD6006792A7 /* CarbonShim.swift */; };
		4FD23EB9229A8770006792A7 /* main.swift in Sources */ = {isa = PBXBuildFile; fileRef = 4FD23EB8229A8770006792A7 /* main.swift */; };
		4FD23EBF229A879C006792A7 /* libAppleEvents.a in Frameworks */ = {isa = PBXBuildFile; fileRef = 4F21AF1F22861C7500A1B978 /* libAppleEvents.a */; };
		4FD23EC2229A87F0006792A7 /* CoreFoundation.framework in Frameworks */ = {isa = PBXBuildFile; fileRef = 4FD23EC1229A87F0006792A7 /* CoreFoundation.framework */; };
		4FD23EC5229AC73D006792A7 /* libAppleEvents.a in Frameworks */ = {isa = PBXBuildFile; fileRef = 4F21AF1F22861C7500A1B978 /* libAppleEvents.a */; };
/* End PBXBuildFile section */

/* Begin PBXContainerItemProxy section */
		4F081BF8229BEBFA00B2004B /* PBXContainerItemProxy */ = {
			isa = PBXContainerItemProxy;
			containerPortal = 4F1EA99222835040000E0A3A /* Project object */;
			proxyType = 1;
			remoteGlobalIDString = 4F081BEA229BEAB100B2004B;
			remoteInfo = MZCarbonShim;
		};
		4FD23EBD229A877A006792A7 /* PBXContainerItemProxy */ = {
			isa = PBXContainerItemProxy;
			containerPortal = 4F1EA99222835040000E0A3A /* Project object */;
			proxyType = 1;
			remoteGlobalIDString = 4F21AF1E22861C7500A1B978;
			remoteInfo = libAppleEvents;
		};
		4FD23EC3229AC72F006792A7 /* PBXContainerItemProxy */ = {
			isa = PBXContainerItemProxy;
			containerPortal = 4F1EA99222835040000E0A3A /* Project object */;
			proxyType = 1;
			remoteGlobalIDString = 4F21AF1E22861C7500A1B978;
			remoteInfo = libAppleEvents;
		};
/* End PBXContainerItemProxy section */

/* Begin PBXCopyFilesBuildPhase section */
		4F1EA9C622835239000E0A3A /* CopyFiles */ = {
			isa = PBXCopyFilesBuildPhase;
			buildActionMask = 2147483647;
			dstPath = /usr/share/man/man1/;
			dstSubfolderSpec = 0;
			files = (
			);
			runOnlyForDeploymentPostprocessing = 1;
		};
		4F649F40229DE59900A0E8B9 /* CopyFiles */ = {
			isa = PBXCopyFilesBuildPhase;
			buildActionMask = 2147483647;
			dstPath = "";
			dstSubfolderSpec = 10;
			files = (
			);
			runOnlyForDeploymentPostprocessing = 0;
		};
		4FD23EB4229A8770006792A7 /* CopyFiles */ = {
			isa = PBXCopyFilesBuildPhase;
			buildActionMask = 2147483647;
			dstPath = /usr/share/man/man1/;
			dstSubfolderSpec = 0;
			files = (
			);
			runOnlyForDeploymentPostprocessing = 1;
		};
/* End PBXCopyFilesBuildPhase section */

/* Begin PBXFileReference section */
		4F081B56229AE1A800B2004B /* test-ae.py */ = {isa = PBXFileReference; lastKnownFileType = text.script.python; path = "test-ae.py"; sourceTree = "<group>"; };
		4F081B72229BDD1A00B2004B /* MZAppleEvents.framework */ = {isa = PBXFileReference; explicitFileType = wrapper.framework; includeInIndex = 0; path = MZAppleEvents.framework; sourceTree = BUILT_PRODUCTS_DIR; };
		4F081B74229BDD1A00B2004B /* MZAppleEvents.h */ = {isa = PBXFileReference; lastKnownFileType = sourcecode.c.h; path = MZAppleEvents.h; sourceTree = "<group>"; };
		4F081B75229BDD1A00B2004B /* Info.plist */ = {isa = PBXFileReference; lastKnownFileType = text.plist.xml; path = Info.plist; sourceTree = "<group>"; };
		4F081BEB229BEAB100B2004B /* MZCarbonShim.framework */ = {isa = PBXFileReference; explicitFileType = wrapper.framework; includeInIndex = 0; path = MZCarbonShim.framework; sourceTree = BUILT_PRODUCTS_DIR; };
		4F081BED229BEAB100B2004B /* MZCarbonShim.h */ = {isa = PBXFileReference; lastKnownFileType = sourcecode.c.h; path = MZCarbonShim.h; sourceTree = "<group>"; };
		4F081BEE229BEAB100B2004B /* Info.plist */ = {isa = PBXFileReference; lastKnownFileType = text.plist.xml; path = Info.plist; sourceTree = "<group>"; };
		4F081BF4229BEB7C00B2004B /* MZCarbonShim.m */ = {isa = PBXFileReference; fileEncoding = 4; lastKnownFileType = sourcecode.c.objc; path = MZCarbonShim.m; sourceTree = "<group>"; };
		4F1EA99B22835040000E0A3A /* AppleEvents.framework */ = {isa = PBXFileReference; explicitFileType = wrapper.framework; includeInIndex = 0; path = AppleEvents.framework; sourceTree = BUILT_PRODUCTS_DIR; };
		4F1EA99E22835040000E0A3A /* AppleEvents.h */ = {isa = PBXFileReference; lastKnownFileType = sourcecode.c.h; path = AppleEvents.h; sourceTree = "<group>"; };
		4F1EA99F22835040000E0A3A /* Info.plist */ = {isa = PBXFileReference; lastKnownFileType = text.plist.xml; path = Info.plist; sourceTree = "<group>"; };
		4F1EA9AA228351D8000E0A3A /* PackFuncs.swift */ = {isa = PBXFileReference; fileEncoding = 4; lastKnownFileType = sourcecode.swift; path = PackFuncs.swift; sourceTree = "<group>"; };
		4F1EA9AB228351D8000E0A3A /* Unflatten.swift */ = {isa = PBXFileReference; fileEncoding = 4; lastKnownFileType = sourcecode.swift; path = Unflatten.swift; sourceTree = "<group>"; };
		4F1EA9AC228351D8000E0A3A /* UnpackFuncs.swift */ = {isa = PBXFileReference; fileEncoding = 4; lastKnownFileType = sourcecode.swift; path = UnpackFuncs.swift; sourceTree = "<group>"; };
		4F1EA9B0228351E9000E0A3A /* ScalarDescriptor.swift */ = {isa = PBXFileReference; fileEncoding = 4; lastKnownFileType = sourcecode.swift; path = ScalarDescriptor.swift; sourceTree = "<group>"; };
		4F1EA9B1228351E9000E0A3A /* AddressDescriptor.swift */ = {isa = PBXFileReference; fileEncoding = 4; lastKnownFileType = sourcecode.swift; path = AddressDescriptor.swift; sourceTree = "<group>"; };
		4F1EA9B2228351E9000E0A3A /* QueryDescriptors.swift */ = {isa = PBXFileReference; fileEncoding = 4; lastKnownFileType = sourcecode.swift; path = QueryDescriptors.swift; sourceTree = "<group>"; };
		4F1EA9B3228351E9000E0A3A /* ListDescriptor.swift */ = {isa = PBXFileReference; fileEncoding = 4; lastKnownFileType = sourcecode.swift; path = ListDescriptor.swift; sourceTree = "<group>"; };
		4F1EA9B4228351E9000E0A3A /* Descriptor.swift */ = {isa = PBXFileReference; fileEncoding = 4; lastKnownFileType = sourcecode.swift; path = Descriptor.swift; sourceTree = "<group>"; };
		4F1EA9B5228351E9000E0A3A /* AppleEventDescriptor.swift */ = {isa = PBXFileReference; fileEncoding = 4; lastKnownFileType = sourcecode.swift; path = AppleEventDescriptor.swift; sourceTree = "<group>"; };
		4F1EA9B6228351E9000E0A3A /* RecordDescriptor.swift */ = {isa = PBXFileReference; fileEncoding = 4; lastKnownFileType = sourcecode.swift; path = RecordDescriptor.swift; sourceTree = "<group>"; };
		4F1EA9BE22835212000E0A3A /* AppleEventError.swift */ = {isa = PBXFileReference; fileEncoding = 4; lastKnownFileType = sourcecode.swift; path = AppleEventError.swift; sourceTree = "<group>"; };
		4F1EA9BF22835212000E0A3A /* Support.swift */ = {isa = PBXFileReference; fileEncoding = 4; lastKnownFileType = sourcecode.swift; path = Support.swift; sourceTree = "<group>"; };
		4F1EA9C022835213000E0A3A /* Constants.swift */ = {isa = PBXFileReference; fileEncoding = 4; lastKnownFileType = sourcecode.swift; path = Constants.swift; sourceTree = "<group>"; };
		4F1EA9C822835239000E0A3A /* test-send */ = {isa = PBXFileReference; explicitFileType = "compiled.mach-o.executable"; includeInIndex = 0; path = "test-send"; sourceTree = BUILT_PRODUCTS_DIR; };
		4F1EA9CA22835239000E0A3A /* main.swift */ = {isa = PBXFileReference; lastKnownFileType = sourcecode.swift; path = main.swift; sourceTree = "<group>"; };
		4F1EA9DD22835260000E0A3A /* Foundation.framework */ = {isa = PBXFileReference; lastKnownFileType = wrapper.framework; name = Foundation.framework; path = System/Library/Frameworks/Foundation.framework; sourceTree = SDKROOT; };
		4F1EA9EB2283FC26000E0A3A /* TestDescriptors.swift */ = {isa = PBXFileReference; lastKnownFileType = sourcecode.swift; path = TestDescriptors.swift; sourceTree = "<group>"; };
		4F21AF1F22861C7500A1B978 /* libAppleEvents.a */ = {isa = PBXFileReference; explicitFileType = archive.ar; includeInIndex = 0; path = libAppleEvents.a; sourceTree = BUILT_PRODUCTS_DIR; };
		4FD23EAB229965E2006792A7 /* AppleEventHandler.swift */ = {isa = PBXFileReference; fileEncoding = 4; lastKnownFileType = sourcecode.swift; path = AppleEventHandler.swift; sourceTree = "<group>"; };
		4FD23EAE22997BD6006792A7 /* CarbonShim.swift */ = {isa = PBXFileReference; lastKnownFileType = sourcecode.swift; path = CarbonShim.swift; sourceTree = "<group>"; };
		4FD23EB6229A8770006792A7 /* test-receive */ = {isa = PBXFileReference; explicitFileType = "compiled.mach-o.executable"; includeInIndex = 0; path = "test-receive"; sourceTree = BUILT_PRODUCTS_DIR; };
		4FD23EB8229A8770006792A7 /* main.swift */ = {isa = PBXFileReference; lastKnownFileType = sourcecode.swift; path = main.swift; sourceTree = "<group>"; };
		4FD23EC1229A87F0006792A7 /* CoreFoundation.framework */ = {isa = PBXFileReference; lastKnownFileType = wrapper.framework; name = CoreFoundation.framework; path = System/Library/Frameworks/CoreFoundation.framework; sourceTree = SDKROOT; };
/* End PBXFileReference section */

/* Begin PBXFrameworksBuildPhase section */
		4F081B6F229BDD1A00B2004B /* Frameworks */ = {
			isa = PBXFrameworksBuildPhase;
			buildActionMask = 2147483647;
			files = (
				4F081BFA229BEC0000B2004B /* MZCarbonShim.framework in Frameworks */,
			);
			runOnlyForDeploymentPostprocessing = 0;
		};
		4F081BE8229BEAB100B2004B /* Frameworks */ = {
			isa = PBXFrameworksBuildPhase;
			buildActionMask = 2147483647;
			files = (
			);
			runOnlyForDeploymentPostprocessing = 0;
		};
		4F1EA99822835040000E0A3A /* Frameworks */ = {
			isa = PBXFrameworksBuildPhase;
			buildActionMask = 2147483647;
			files = (
				4F1EA9DF22835276000E0A3A /* Foundation.framework in Frameworks */,
			);
			runOnlyForDeploymentPostprocessing = 0;
		};
		4F1EA9C522835239000E0A3A /* Frameworks */ = {
			isa = PBXFrameworksBuildPhase;
			buildActionMask = 2147483647;
			files = (
				4F1EA9DE22835260000E0A3A /* Foundation.framework in Frameworks */,
				4FD23EC5229AC73D006792A7 /* libAppleEvents.a in Frameworks */,
			);
			runOnlyForDeploymentPostprocessing = 0;
		};
		4F21AF1D22861C7500A1B978 /* Frameworks */ = {
			isa = PBXFrameworksBuildPhase;
			buildActionMask = 2147483647;
			files = (
				4F21AF3722861CC800A1B978 /* Foundation.framework in Frameworks */,
			);
			runOnlyForDeploymentPostprocessing = 0;
		};
		4FD23EB3229A8770006792A7 /* Frameworks */ = {
			isa = PBXFrameworksBuildPhase;
			buildActionMask = 2147483647;
			files = (
				4FD23EC2229A87F0006792A7 /* CoreFoundation.framework in Frameworks */,
				4FD23EBF229A879C006792A7 /* libAppleEvents.a in Frameworks */,
			);
			runOnlyForDeploymentPostprocessing = 0;
		};
/* End PBXFrameworksBuildPhase section */

/* Begin PBXGroup section */
		4F081B73229BDD1A00B2004B /* MZAppleEvents */ = {
			isa = PBXGroup;
			children = (
				4F081B74229BDD1A00B2004B /* MZAppleEvents.h */,
				4F081B75229BDD1A00B2004B /* Info.plist */,
			);
			path = MZAppleEvents;
			sourceTree = "<group>";
		};
		4F081BEC229BEAB100B2004B /* MZCarbonShim */ = {
			isa = PBXGroup;
			children = (
				4F081BED229BEAB100B2004B /* MZCarbonShim.h */,
				4F081BF4229BEB7C00B2004B /* MZCarbonShim.m */,
				4F081BEE229BEAB100B2004B /* Info.plist */,
			);
			path = MZCarbonShim;
			sourceTree = "<group>";
		};
		4F1EA99122835040000E0A3A = {
			isa = PBXGroup;
			children = (
				4F1EA99D22835040000E0A3A /* AppleEvents */,
				4F1EA9C922835239000E0A3A /* test-send */,
				4FD23EB7229A8770006792A7 /* test-receive */,
				4F081B73229BDD1A00B2004B /* MZAppleEvents */,
				4F081BEC229BEAB100B2004B /* MZCarbonShim */,
				4F1EA9DC22835260000E0A3A /* Frameworks */,
				4F1EA99C22835040000E0A3A /* Products */,
			);
			sourceTree = "<group>";
		};
		4F1EA99C22835040000E0A3A /* Products */ = {
			isa = PBXGroup;
			children = (
				4F1EA99B22835040000E0A3A /* AppleEvents.framework */,
				4F1EA9C822835239000E0A3A /* test-send */,
				4F21AF1F22861C7500A1B978 /* libAppleEvents.a */,
				4FD23EB6229A8770006792A7 /* test-receive */,
				4F081B72229BDD1A00B2004B /* MZAppleEvents.framework */,
				4F081BEB229BEAB100B2004B /* MZCarbonShim.framework */,
			);
			name = Products;
			sourceTree = "<group>";
		};
		4F1EA99D22835040000E0A3A /* AppleEvents */ = {
			isa = PBXGroup;
			children = (
				4F1EA99E22835040000E0A3A /* AppleEvents.h */,
				4F1EA99F22835040000E0A3A /* Info.plist */,
				4F1EA9A8228351AD000E0A3A /* codecs */,
				4F1EA9A9228351B5000E0A3A /* descriptors */,
				4FD23EB12299927B006792A7 /* handlers */,
				4F1EA9BE22835212000E0A3A /* AppleEventError.swift */,
				4F1EA9BF22835212000E0A3A /* Support.swift */,
				4F1EA9C022835213000E0A3A /* Constants.swift */,
				4FD23EAE22997BD6006792A7 /* CarbonShim.swift */,
			);
			path = AppleEvents;
			sourceTree = "<group>";
		};
		4F1EA9A8228351AD000E0A3A /* codecs */ = {
			isa = PBXGroup;
			children = (
				4F1EA9AB228351D8000E0A3A /* Unflatten.swift */,
				4F1EA9AA228351D8000E0A3A /* PackFuncs.swift */,
				4F1EA9AC228351D8000E0A3A /* UnpackFuncs.swift */,
			);
			name = codecs;
			sourceTree = "<group>";
		};
		4F1EA9A9228351B5000E0A3A /* descriptors */ = {
			isa = PBXGroup;
			children = (
				4F1EA9B4228351E9000E0A3A /* Descriptor.swift */,
				4F1EA9B0228351E9000E0A3A /* ScalarDescriptor.swift */,
				4F1EA9B1228351E9000E0A3A /* AddressDescriptor.swift */,
				4F1EA9B3228351E9000E0A3A /* ListDescriptor.swift */,
				4F1EA9B6228351E9000E0A3A /* RecordDescriptor.swift */,
				4F1EA9B2228351E9000E0A3A /* QueryDescriptors.swift */,
				4F1EA9EB2283FC26000E0A3A /* TestDescriptors.swift */,
				4F1EA9B5228351E9000E0A3A /* AppleEventDescriptor.swift */,
			);
			name = descriptors;
			sourceTree = "<group>";
		};
		4F1EA9C922835239000E0A3A /* test-send */ = {
			isa = PBXGroup;
			children = (
				4F1EA9CA22835239000E0A3A /* main.swift */,
			);
			path = "test-send";
			sourceTree = "<group>";
		};
		4F1EA9DC22835260000E0A3A /* Frameworks */ = {
			isa = PBXGroup;
			children = (
				4FD23EC1229A87F0006792A7 /* CoreFoundation.framework */,
				4F1EA9DD22835260000E0A3A /* Foundation.framework */,
			);
			name = Frameworks;
			sourceTree = "<group>";
		};
		4FD23EB12299927B006792A7 /* handlers */ = {
			isa = PBXGroup;
			children = (
				4FD23EAB229965E2006792A7 /* AppleEventHandler.swift */,
			);
			name = handlers;
			sourceTree = "<group>";
		};
		4FD23EB7229A8770006792A7 /* test-receive */ = {
			isa = PBXGroup;
			children = (
				4FD23EB8229A8770006792A7 /* main.swift */,
				4F081B56229AE1A800B2004B /* test-ae.py */,
			);
			path = "test-receive";
			sourceTree = "<group>";
		};
/* End PBXGroup section */

/* Begin PBXHeadersBuildPhase section */
		4F081B6D229BDD1A00B2004B /* Headers */ = {
			isa = PBXHeadersBuildPhase;
			buildActionMask = 2147483647;
			files = (
				4F081B76229BDD1A00B2004B /* MZAppleEvents.h in Headers */,
			);
			runOnlyForDeploymentPostprocessing = 0;
		};
		4F081BE6229BEAB100B2004B /* Headers */ = {
			isa = PBXHeadersBuildPhase;
			buildActionMask = 2147483647;
			files = (
				4F081BEF229BEAB100B2004B /* MZCarbonShim.h in Headers */,
			);
			runOnlyForDeploymentPostprocessing = 0;
		};
		4F1EA99622835040000E0A3A /* Headers */ = {
			isa = PBXHeadersBuildPhase;
			buildActionMask = 2147483647;
			files = (
				4F1EA9A022835040000E0A3A /* AppleEvents.h in Headers */,
			);
			runOnlyForDeploymentPostprocessing = 0;
		};
		4F21AF1B22861C7500A1B978 /* Headers */ = {
			isa = PBXHeadersBuildPhase;
			buildActionMask = 2147483647;
			files = (
				4F21AF2822861CB000A1B978 /* AppleEvents.h in Headers */,
			);
			runOnlyForDeploymentPostprocessing = 0;
		};
/* End PBXHeadersBuildPhase section */

/* Begin PBXNativeTarget section */
		4F081B71229BDD1A00B2004B /* MZAppleEvents */ = {
			isa = PBXNativeTarget;
			buildConfigurationList = 4F081B77229BDD1A00B2004B /* Build configuration list for PBXNativeTarget "MZAppleEvents" */;
			buildPhases = (
				4F081B6D229BDD1A00B2004B /* Headers */,
				4F081B6E229BDD1A00B2004B /* Sources */,
				4F081B6F229BDD1A00B2004B /* Frameworks */,
				4F081B70229BDD1A00B2004B /* Resources */,
				4F649F40229DE59900A0E8B9 /* CopyFiles */,
			);
			buildRules = (
			);
			dependencies = (
				4F081BF9229BEBFA00B2004B /* PBXTargetDependency */,
			);
			name = MZAppleEvents;
			productName = MZAppleEvents;
			productReference = 4F081B72229BDD1A00B2004B /* MZAppleEvents.framework */;
			productType = "com.apple.product-type.framework";
		};
		4F081BEA229BEAB100B2004B /* MZCarbonShim */ = {
			isa = PBXNativeTarget;
			buildConfigurationList = 4F081BF0229BEAB100B2004B /* Build configuration list for PBXNativeTarget "MZCarbonShim" */;
			buildPhases = (
				4F081BE6229BEAB100B2004B /* Headers */,
				4F081BE7229BEAB100B2004B /* Sources */,
				4F081BE8229BEAB100B2004B /* Frameworks */,
				4F081BE9229BEAB100B2004B /* Resources */,
			);
			buildRules = (
			);
			dependencies = (
			);
			name = MZCarbonShim;
			productName = MZCarbonShim;
			productReference = 4F081BEB229BEAB100B2004B /* MZCarbonShim.framework */;
			productType = "com.apple.product-type.framework";
		};
		4F1EA99A22835040000E0A3A /* AppleEvents */ = {
			isa = PBXNativeTarget;
			buildConfigurationList = 4F1EA9A322835040000E0A3A /* Build configuration list for PBXNativeTarget "AppleEvents" */;
			buildPhases = (
				4F1EA99622835040000E0A3A /* Headers */,
				4F1EA99722835040000E0A3A /* Sources */,
				4F1EA99822835040000E0A3A /* Frameworks */,
				4F1EA99922835040000E0A3A /* Resources */,
			);
			buildRules = (
			);
			dependencies = (
			);
			name = AppleEvents;
			productName = AppleEvents;
			productReference = 4F1EA99B22835040000E0A3A /* AppleEvents.framework */;
			productType = "com.apple.product-type.framework";
		};
		4F1EA9C722835239000E0A3A /* test-send */ = {
			isa = PBXNativeTarget;
			buildConfigurationList = 4F1EA9CC22835239000E0A3A /* Build configuration list for PBXNativeTarget "test-send" */;
			buildPhases = (
				4F1EA9C422835239000E0A3A /* Sources */,
				4F1EA9C522835239000E0A3A /* Frameworks */,
				4F1EA9C622835239000E0A3A /* CopyFiles */,
			);
			buildRules = (
			);
			dependencies = (
				4FD23EC4229AC72F006792A7 /* PBXTargetDependency */,
			);
			name = "test-send";
			productName = AppleEventDescriptor;
			productReference = 4F1EA9C822835239000E0A3A /* test-send */;
			productType = "com.apple.product-type.tool";
		};
		4F21AF1E22861C7500A1B978 /* libAppleEvents */ = {
			isa = PBXNativeTarget;
			buildConfigurationList = 4F21AF2522861C7500A1B978 /* Build configuration list for PBXNativeTarget "libAppleEvents" */;
			buildPhases = (
				4F21AF1B22861C7500A1B978 /* Headers */,
				4F21AF1C22861C7500A1B978 /* Sources */,
				4F21AF1D22861C7500A1B978 /* Frameworks */,
			);
			buildRules = (
			);
			dependencies = (
			);
			name = libAppleEvents;
			productName = appleeventslib;
			productReference = 4F21AF1F22861C7500A1B978 /* libAppleEvents.a */;
			productType = "com.apple.product-type.library.static";
		};
		4FD23EB5229A8770006792A7 /* test-receive */ = {
			isa = PBXNativeTarget;
			buildConfigurationList = 4FD23EBA229A8770006792A7 /* Build configuration list for PBXNativeTarget "test-receive" */;
			buildPhases = (
				4FD23EB2229A8770006792A7 /* Sources */,
				4FD23EB3229A8770006792A7 /* Frameworks */,
				4FD23EB4229A8770006792A7 /* CopyFiles */,
			);
			buildRules = (
			);
			dependencies = (
				4FD23EBE229A877A006792A7 /* PBXTargetDependency */,
			);
			name = "test-receive";
			productName = "test-handler";
			productReference = 4FD23EB6229A8770006792A7 /* test-receive */;
			productType = "com.apple.product-type.tool";
		};
/* End PBXNativeTarget section */

/* Begin PBXProject section */
		4F1EA99222835040000E0A3A /* Project object */ = {
			isa = PBXProject;
			attributes = {
				LastSwiftUpdateCheck = 1020;
				LastUpgradeCheck = 1030;
				TargetAttributes = {
					4F081B71229BDD1A00B2004B = {
						CreatedOnToolsVersion = 10.2.1;
						LastSwiftMigration = 1020;
					};
					4F081BEA229BEAB100B2004B = {
						CreatedOnToolsVersion = 10.2.1;
					};
					4F1EA99A22835040000E0A3A = {
						CreatedOnToolsVersion = 10.2.1;
						LastSwiftMigration = 1020;
					};
					4F1EA9C722835239000E0A3A = {
						CreatedOnToolsVersion = 10.2.1;
					};
					4F21AF1E22861C7500A1B978 = {
						CreatedOnToolsVersion = 10.2.1;
					};
					4FD23EB5229A8770006792A7 = {
						CreatedOnToolsVersion = 10.2.1;
					};
				};
			};
			buildConfigurationList = 4F1EA99522835040000E0A3A /* Build configuration list for PBXProject "AppleEvents" */;
			compatibilityVersion = "Xcode 9.3";
			developmentRegion = en;
			hasScannedForEncodings = 0;
			knownRegions = (
				en,
				Base,
			);
			mainGroup = 4F1EA99122835040000E0A3A;
			productRefGroup = 4F1EA99C22835040000E0A3A /* Products */;
			projectDirPath = "";
			projectRoot = "";
			targets = (
				4F1EA99A22835040000E0A3A /* AppleEvents */,
				4F21AF1E22861C7500A1B978 /* libAppleEvents */,
				4F1EA9C722835239000E0A3A /* test-send */,
				4FD23EB5229A8770006792A7 /* test-receive */,
				4F081B71229BDD1A00B2004B /* MZAppleEvents */,
				4F081BEA229BEAB100B2004B /* MZCarbonShim */,
			);
		};
/* End PBXProject section */

/* Begin PBXResourcesBuildPhase section */
		4F081B70229BDD1A00B2004B /* Resources */ = {
			isa = PBXResourcesBuildPhase;
			buildActionMask = 2147483647;
			files = (
			);
			runOnlyForDeploymentPostprocessing = 0;
		};
		4F081BE9229BEAB100B2004B /* Resources */ = {
			isa = PBXResourcesBuildPhase;
			buildActionMask = 2147483647;
			files = (
			);
			runOnlyForDeploymentPostprocessing = 0;
		};
		4F1EA99922835040000E0A3A /* Resources */ = {
			isa = PBXResourcesBuildPhase;
			buildActionMask = 2147483647;
			files = (
			);
			runOnlyForDeploymentPostprocessing = 0;
		};
/* End PBXResourcesBuildPhase section */

/* Begin PBXSourcesBuildPhase section */
		4F081B6E229BDD1A00B2004B /* Sources */ = {
			isa = PBXSourcesBuildPhase;
			buildActionMask = 2147483647;
			files = (
				4F081B7C229BDD3B00B2004B /* Unflatten.swift in Sources */,
				4F081B7D229BDD3B00B2004B /* PackFuncs.swift in Sources */,
				4F081B7E229BDD3B00B2004B /* UnpackFuncs.swift in Sources */,
				4F081B7F229BDD3B00B2004B /* Descriptor.swift in Sources */,
				4F081B80229BDD3B00B2004B /* ScalarDescriptor.swift in Sources */,
				4F081B81229BDD3B00B2004B /* AddressDescriptor.swift in Sources */,
				4F081B82229BDD3B00B2004B /* ListDescriptor.swift in Sources */,
				4F081B83229BDD3B00B2004B /* RecordDescriptor.swift in Sources */,
				4F081B84229BDD3B00B2004B /* QueryDescriptors.swift in Sources */,
				4F081B85229BDD3B00B2004B /* TestDescriptors.swift in Sources */,
				4F081B86229BDD3B00B2004B /* AppleEventDescriptor.swift in Sources */,
				4F081B87229BDD3B00B2004B /* AppleEventHandler.swift in Sources */,
				4F081B88229BDD3B00B2004B /* AppleEventError.swift in Sources */,
				4F081B89229BDD3B00B2004B /* Support.swift in Sources */,
				4F081B8A229BDD3B00B2004B /* Constants.swift in Sources */,
				4F081B8B229BDD3B00B2004B /* CarbonShim.swift in Sources */,
			);
			runOnlyForDeploymentPostprocessing = 0;
		};
		4F081BE7229BEAB100B2004B /* Sources */ = {
			isa = PBXSourcesBuildPhase;
			buildActionMask = 2147483647;
			files = (
				4F081BF5229BEB7C00B2004B /* MZCarbonShim.m in Sources */,
			);
			runOnlyForDeploymentPostprocessing = 0;
		};
		4F1EA99722835040000E0A3A /* Sources */ = {
			isa = PBXSourcesBuildPhase;
			buildActionMask = 2147483647;
			files = (
				4F1EA9AE228351D8000E0A3A /* Unflatten.swift in Sources */,
				4F1EA9AD228351D8000E0A3A /* PackFuncs.swift in Sources */,
				4F1EA9AF228351D8000E0A3A /* UnpackFuncs.swift in Sources */,
				4F1EA9BB228351E9000E0A3A /* Descriptor.swift in Sources */,
				4F1EA9B7228351E9000E0A3A /* ScalarDescriptor.swift in Sources */,
				4F1EA9B8228351E9000E0A3A /* AddressDescriptor.swift in Sources */,
				4F1EA9BA228351E9000E0A3A /* ListDescriptor.swift in Sources */,
				4F1EA9BD228351E9000E0A3A /* RecordDescriptor.swift in Sources */,
				4F1EA9B9228351E9000E0A3A /* QueryDescriptors.swift in Sources */,
				4F1EA9EC2283FC26000E0A3A /* TestDescriptors.swift in Sources */,
				4F1EA9BC228351E9000E0A3A /* AppleEventDescriptor.swift in Sources */,
				4FD23EAC229965E3006792A7 /* AppleEventHandler.swift in Sources */,
				4F1EA9C122835213000E0A3A /* AppleEventError.swift in Sources */,
				4F1EA9C222835213000E0A3A /* Support.swift in Sources */,
				4F1EA9C322835213000E0A3A /* Constants.swift in Sources */,
				4FD23EAF22997BD6006792A7 /* CarbonShim.swift in Sources */,
			);
			runOnlyForDeploymentPostprocessing = 0;
		};
		4F1EA9C422835239000E0A3A /* Sources */ = {
			isa = PBXSourcesBuildPhase;
			buildActionMask = 2147483647;
			files = (
				4F1EA9CB22835239000E0A3A /* main.swift in Sources */,
			);
			runOnlyForDeploymentPostprocessing = 0;
		};
		4F21AF1C22861C7500A1B978 /* Sources */ = {
			isa = PBXSourcesBuildPhase;
			buildActionMask = 2147483647;
			files = (
				4F21AF2922861CB000A1B978 /* Unflatten.swift in Sources */,
				4FD23EB022997BD6006792A7 /* CarbonShim.swift in Sources */,
				4FD23EAD229965E3006792A7 /* AppleEventHandler.swift in Sources */,
				4F21AF2A22861CB000A1B978 /* PackFuncs.swift in Sources */,
				4F21AF2B22861CB000A1B978 /* UnpackFuncs.swift in Sources */,
				4F21AF2C22861CB000A1B978 /* Descriptor.swift in Sources */,
				4F21AF2D22861CB000A1B978 /* ScalarDescriptor.swift in Sources */,
				4F21AF2E22861CB000A1B978 /* AddressDescriptor.swift in Sources */,
				4F21AF2F22861CB000A1B978 /* ListDescriptor.swift in Sources */,
				4F21AF3022861CB000A1B978 /* RecordDescriptor.swift in Sources */,
				4F21AF3122861CB000A1B978 /* QueryDescriptors.swift in Sources */,
				4F21AF3222861CB000A1B978 /* TestDescriptors.swift in Sources */,
				4F21AF3322861CB000A1B978 /* AppleEventDescriptor.swift in Sources */,
				4F21AF3422861CB000A1B978 /* Support.swift in Sources */,
				4F21AF3522861CB000A1B978 /* AppleEventError.swift in Sources */,
				4F21AF3622861CB000A1B978 /* Constants.swift in Sources */,
			);
			runOnlyForDeploymentPostprocessing = 0;
		};
		4FD23EB2229A8770006792A7 /* Sources */ = {
			isa = PBXSourcesBuildPhase;
			buildActionMask = 2147483647;
			files = (
				4FD23EB9229A8770006792A7 /* main.swift in Sources */,
			);
			runOnlyForDeploymentPostprocessing = 0;
		};
/* End PBXSourcesBuildPhase section */

/* Begin PBXTargetDependency section */
		4F081BF9229BEBFA00B2004B /* PBXTargetDependency */ = {
			isa = PBXTargetDependency;
			target = 4F081BEA229BEAB100B2004B /* MZCarbonShim */;
			targetProxy = 4F081BF8229BEBFA00B2004B /* PBXContainerItemProxy */;
		};
		4FD23EBE229A877A006792A7 /* PBXTargetDependency */ = {
			isa = PBXTargetDependency;
			target = 4F21AF1E22861C7500A1B978 /* libAppleEvents */;
			targetProxy = 4FD23EBD229A877A006792A7 /* PBXContainerItemProxy */;
		};
		4FD23EC4229AC72F006792A7 /* PBXTargetDependency */ = {
			isa = PBXTargetDependency;
			target = 4F21AF1E22861C7500A1B978 /* libAppleEvents */;
			targetProxy = 4FD23EC3229AC72F006792A7 /* PBXContainerItemProxy */;
		};
/* End PBXTargetDependency section */

/* Begin XCBuildConfiguration section */
		4F081B78229BDD1A00B2004B /* Debug */ = {
			isa = XCBuildConfiguration;
			buildSettings = {
				CLANG_ENABLE_MODULES = YES;
				CODE_SIGN_IDENTITY = "";
				CODE_SIGN_STYLE = Manual;
				DEFINES_MODULE = YES;
				DEVELOPMENT_TEAM = "";
				DYLIB_COMPATIBILITY_VERSION = 1;
				DYLIB_CURRENT_VERSION = 1;
				DYLIB_INSTALL_NAME_BASE = "@rpath";
				INFOPLIST_FILE = MZAppleEvents/Info.plist;
				INSTALL_PATH = "$(LOCAL_LIBRARY_DIR)/Frameworks";
				IPHONEOS_DEPLOYMENT_TARGET = 12.2;
				LD_RUNPATH_SEARCH_PATHS = (
					"$(inherited)",
					"@executable_path/Frameworks",
					"@loader_path/Frameworks",
				);
				PRODUCT_BUNDLE_IDENTIFIER = uk.nuggle.MZAppleEvents;
				PRODUCT_NAME = "$(TARGET_NAME:c99extidentifier)";
				PROVISIONING_PROFILE_SPECIFIER = "";
				SDKROOT = iphoneos;
				SKIP_INSTALL = YES;
				SWIFT_OBJC_BRIDGING_HEADER = "";
				SWIFT_OPTIMIZATION_LEVEL = "-Onone";
				SWIFT_VERSION = 5.0;
				TARGETED_DEVICE_FAMILY = "1,2";
			};
			name = Debug;
		};
		4F081B79229BDD1A00B2004B /* Release */ = {
			isa = XCBuildConfiguration;
			buildSettings = {
				CLANG_ENABLE_MODULES = YES;
				CODE_SIGN_IDENTITY = "";
				CODE_SIGN_STYLE = Manual;
				DEFINES_MODULE = YES;
				DEVELOPMENT_TEAM = "";
				DYLIB_COMPATIBILITY_VERSION = 1;
				DYLIB_CURRENT_VERSION = 1;
				DYLIB_INSTALL_NAME_BASE = "@rpath";
				INFOPLIST_FILE = MZAppleEvents/Info.plist;
				INSTALL_PATH = "$(LOCAL_LIBRARY_DIR)/Frameworks";
				IPHONEOS_DEPLOYMENT_TARGET = 12.2;
				LD_RUNPATH_SEARCH_PATHS = (
					"$(inherited)",
					"@executable_path/Frameworks",
					"@loader_path/Frameworks",
				);
				PRODUCT_BUNDLE_IDENTIFIER = uk.nuggle.MZAppleEvents;
				PRODUCT_NAME = "$(TARGET_NAME:c99extidentifier)";
				PROVISIONING_PROFILE_SPECIFIER = "";
				SDKROOT = iphoneos;
				SKIP_INSTALL = YES;
				SWIFT_OBJC_BRIDGING_HEADER = "";
				SWIFT_VERSION = 5.0;
				TARGETED_DEVICE_FAMILY = "1,2";
				VALIDATE_PRODUCT = YES;
			};
			name = Release;
		};
		4F081BF1229BEAB100B2004B /* Debug */ = {
			isa = XCBuildConfiguration;
			buildSettings = {
				CODE_SIGN_IDENTITY = "";
				CODE_SIGN_STYLE = Manual;
				DEFINES_MODULE = YES;
				DEVELOPMENT_TEAM = "";
				DYLIB_COMPATIBILITY_VERSION = 1;
				DYLIB_CURRENT_VERSION = 1;
				DYLIB_INSTALL_NAME_BASE = "@rpath";
				INFOPLIST_FILE = MZCarbonShim/Info.plist;
				INSTALL_PATH = "$(LOCAL_LIBRARY_DIR)/Frameworks";
				LD_RUNPATH_SEARCH_PATHS = (
					"$(inherited)",
					"@executable_path/Frameworks",
					"@loader_path/Frameworks",
				);
				PRODUCT_BUNDLE_IDENTIFIER = uk.nuggle.MZCarbonShim;
				PRODUCT_NAME = "$(TARGET_NAME:c99extidentifier)";
				PROVISIONING_PROFILE_SPECIFIER = "";
				SDKROOT = iphoneos;
				SKIP_INSTALL = YES;
				TARGETED_DEVICE_FAMILY = "1,2";
			};
			name = Debug;
		};
		4F081BF2229BEAB100B2004B /* Release */ = {
			isa = XCBuildConfiguration;
			buildSettings = {
				CODE_SIGN_IDENTITY = "";
				CODE_SIGN_STYLE = Manual;
				DEFINES_MODULE = YES;
				DEVELOPMENT_TEAM = "";
				DYLIB_COMPATIBILITY_VERSION = 1;
				DYLIB_CURRENT_VERSION = 1;
				DYLIB_INSTALL_NAME_BASE = "@rpath";
				INFOPLIST_FILE = MZCarbonShim/Info.plist;
				INSTALL_PATH = "$(LOCAL_LIBRARY_DIR)/Frameworks";
				LD_RUNPATH_SEARCH_PATHS = (
					"$(inherited)",
					"@executable_path/Frameworks",
					"@loader_path/Frameworks",
				);
				PRODUCT_BUNDLE_IDENTIFIER = uk.nuggle.MZCarbonShim;
				PRODUCT_NAME = "$(TARGET_NAME:c99extidentifier)";
				PROVISIONING_PROFILE_SPECIFIER = "";
				SDKROOT = iphoneos;
				SKIP_INSTALL = YES;
				TARGETED_DEVICE_FAMILY = "1,2";
				VALIDATE_PRODUCT = YES;
			};
			name = Release;
		};
		4F1EA9A122835040000E0A3A /* Debug */ = {
			isa = XCBuildConfiguration;
			buildSettings = {
				ALWAYS_SEARCH_USER_PATHS = NO;
				CLANG_ANALYZER_NONNULL = YES;
				CLANG_ANALYZER_NUMBER_OBJECT_CONVERSION = YES_AGGRESSIVE;
				CLANG_CXX_LANGUAGE_STANDARD = "gnu++14";
				CLANG_CXX_LIBRARY = "libc++";
				CLANG_ENABLE_MODULES = YES;
				CLANG_ENABLE_OBJC_ARC = YES;
				CLANG_ENABLE_OBJC_WEAK = YES;
				CLANG_WARN_BLOCK_CAPTURE_AUTORELEASING = YES;
				CLANG_WARN_BOOL_CONVERSION = YES;
				CLANG_WARN_COMMA = YES;
				CLANG_WARN_CONSTANT_CONVERSION = YES;
				CLANG_WARN_DEPRECATED_OBJC_IMPLEMENTATIONS = YES;
				CLANG_WARN_DIRECT_OBJC_ISA_USAGE = YES_ERROR;
				CLANG_WARN_DOCUMENTATION_COMMENTS = YES;
				CLANG_WARN_EMPTY_BODY = YES;
				CLANG_WARN_ENUM_CONVERSION = YES;
				CLANG_WARN_INFINITE_RECURSION = YES;
				CLANG_WARN_INT_CONVERSION = YES;
				CLANG_WARN_NON_LITERAL_NULL_CONVERSION = YES;
				CLANG_WARN_OBJC_IMPLICIT_RETAIN_SELF = YES;
				CLANG_WARN_OBJC_LITERAL_CONVERSION = YES;
				CLANG_WARN_OBJC_ROOT_CLASS = YES_ERROR;
				CLANG_WARN_RANGE_LOOP_ANALYSIS = YES;
				CLANG_WARN_STRICT_PROTOTYPES = YES;
				CLANG_WARN_SUSPICIOUS_MOVE = YES;
				CLANG_WARN_UNGUARDED_AVAILABILITY = YES_AGGRESSIVE;
				CLANG_WARN_UNREACHABLE_CODE = YES;
				CLANG_WARN__DUPLICATE_METHOD_MATCH = YES;
				CODE_SIGN_IDENTITY = "Mac Developer";
				COPY_PHASE_STRIP = NO;
				CURRENT_PROJECT_VERSION = 1;
				DEBUG_INFORMATION_FORMAT = dwarf;
				ENABLE_STRICT_OBJC_MSGSEND = YES;
				ENABLE_TESTABILITY = YES;
				GCC_C_LANGUAGE_STANDARD = gnu11;
				GCC_DYNAMIC_NO_PIC = NO;
				GCC_NO_COMMON_BLOCKS = YES;
				GCC_OPTIMIZATION_LEVEL = 0;
				GCC_PREPROCESSOR_DEFINITIONS = (
					"DEBUG=1",
					"$(inherited)",
				);
				GCC_WARN_64_TO_32_BIT_CONVERSION = YES;
				GCC_WARN_ABOUT_RETURN_TYPE = YES_ERROR;
				GCC_WARN_UNDECLARED_SELECTOR = YES;
				GCC_WARN_UNINITIALIZED_AUTOS = YES_AGGRESSIVE;
				GCC_WARN_UNUSED_FUNCTION = YES;
				GCC_WARN_UNUSED_VARIABLE = YES;
				IPHONEOS_DEPLOYMENT_TARGET = 12.2;
				MACOSX_DEPLOYMENT_TARGET = 10.12;
				MTL_ENABLE_DEBUG_INFO = INCLUDE_SOURCE;
				MTL_FAST_MATH = YES;
				ONLY_ACTIVE_ARCH = YES;
				SDKROOT = macosx;
				SWIFT_ACTIVE_COMPILATION_CONDITIONS = DEBUG;
				SWIFT_OPTIMIZATION_LEVEL = "-Onone";
				SWIFT_VERSION = 5.0;
				VERSIONING_SYSTEM = "apple-generic";
				VERSION_INFO_PREFIX = "";
			};
			name = Debug;
		};
		4F1EA9A222835040000E0A3A /* Release */ = {
			isa = XCBuildConfiguration;
			buildSettings = {
				ALWAYS_SEARCH_USER_PATHS = NO;
				CLANG_ANALYZER_NONNULL = YES;
				CLANG_ANALYZER_NUMBER_OBJECT_CONVERSION = YES_AGGRESSIVE;
				CLANG_CXX_LANGUAGE_STANDARD = "gnu++14";
				CLANG_CXX_LIBRARY = "libc++";
				CLANG_ENABLE_MODULES = YES;
				CLANG_ENABLE_OBJC_ARC = YES;
				CLANG_ENABLE_OBJC_WEAK = YES;
				CLANG_WARN_BLOCK_CAPTURE_AUTORELEASING = YES;
				CLANG_WARN_BOOL_CONVERSION = YES;
				CLANG_WARN_COMMA = YES;
				CLANG_WARN_CONSTANT_CONVERSION = YES;
				CLANG_WARN_DEPRECATED_OBJC_IMPLEMENTATIONS = YES;
				CLANG_WARN_DIRECT_OBJC_ISA_USAGE = YES_ERROR;
				CLANG_WARN_DOCUMENTATION_COMMENTS = YES;
				CLANG_WARN_EMPTY_BODY = YES;
				CLANG_WARN_ENUM_CONVERSION = YES;
				CLANG_WARN_INFINITE_RECURSION = YES;
				CLANG_WARN_INT_CONVERSION = YES;
				CLANG_WARN_NON_LITERAL_NULL_CONVERSION = YES;
				CLANG_WARN_OBJC_IMPLICIT_RETAIN_SELF = YES;
				CLANG_WARN_OBJC_LITERAL_CONVERSION = YES;
				CLANG_WARN_OBJC_ROOT_CLASS = YES_ERROR;
				CLANG_WARN_RANGE_LOOP_ANALYSIS = YES;
				CLANG_WARN_STRICT_PROTOTYPES = YES;
				CLANG_WARN_SUSPICIOUS_MOVE = YES;
				CLANG_WARN_UNGUARDED_AVAILABILITY = YES_AGGRESSIVE;
				CLANG_WARN_UNREACHABLE_CODE = YES;
				CLANG_WARN__DUPLICATE_METHOD_MATCH = YES;
				CODE_SIGN_IDENTITY = "Mac Developer";
				COPY_PHASE_STRIP = NO;
				CURRENT_PROJECT_VERSION = 1;
				DEBUG_INFORMATION_FORMAT = "dwarf-with-dsym";
				ENABLE_NS_ASSERTIONS = NO;
				ENABLE_STRICT_OBJC_MSGSEND = YES;
				GCC_C_LANGUAGE_STANDARD = gnu11;
				GCC_NO_COMMON_BLOCKS = YES;
				GCC_WARN_64_TO_32_BIT_CONVERSION = YES;
				GCC_WARN_ABOUT_RETURN_TYPE = YES_ERROR;
				GCC_WARN_UNDECLARED_SELECTOR = YES;
				GCC_WARN_UNINITIALIZED_AUTOS = YES_AGGRESSIVE;
				GCC_WARN_UNUSED_FUNCTION = YES;
				GCC_WARN_UNUSED_VARIABLE = YES;
				IPHONEOS_DEPLOYMENT_TARGET = 12.2;
				MACOSX_DEPLOYMENT_TARGET = 10.12;
				MTL_ENABLE_DEBUG_INFO = NO;
				MTL_FAST_MATH = YES;
				SDKROOT = macosx;
				SWIFT_COMPILATION_MODE = wholemodule;
				SWIFT_OPTIMIZATION_LEVEL = "-O";
				SWIFT_VERSION = 5.0;
				VERSIONING_SYSTEM = "apple-generic";
				VERSION_INFO_PREFIX = "";
			};
			name = Release;
		};
		4F1EA9A422835040000E0A3A /* Debug */ = {
			isa = XCBuildConfiguration;
			buildSettings = {
				CLANG_ENABLE_MODULES = YES;
				CODE_SIGN_IDENTITY = "";
				CODE_SIGN_STYLE = Automatic;
				COMBINE_HIDPI_IMAGES = YES;
				DEFINES_MODULE = YES;
				DEVELOPMENT_TEAM = 27XZ82KJ77;
				DYLIB_COMPATIBILITY_VERSION = 1;
				DYLIB_CURRENT_VERSION = 1;
				DYLIB_INSTALL_NAME_BASE = "@rpath";
				FRAMEWORK_VERSION = A;
				INFOPLIST_FILE = AppleEvents/Info.plist;
				INSTALL_PATH = "$(LOCAL_LIBRARY_DIR)/Frameworks";
				LD_RUNPATH_SEARCH_PATHS = (
					"$(inherited)",
					"@executable_path/../Frameworks",
					"@loader_path/Frameworks",
				);
				PRODUCT_BUNDLE_IDENTIFIER = uk.nuggle.AppleEvents;
				PRODUCT_NAME = "$(TARGET_NAME:c99extidentifier)";
				SKIP_INSTALL = YES;
				SWIFT_OPTIMIZATION_LEVEL = "-Onone";
				SWIFT_VERSION = 5.0;
			};
			name = Debug;
		};
		4F1EA9A522835040000E0A3A /* Release */ = {
			isa = XCBuildConfiguration;
			buildSettings = {
				CLANG_ENABLE_MODULES = YES;
				CODE_SIGN_IDENTITY = "";
				CODE_SIGN_STYLE = Automatic;
				COMBINE_HIDPI_IMAGES = YES;
				DEFINES_MODULE = YES;
				DEVELOPMENT_TEAM = 27XZ82KJ77;
				DYLIB_COMPATIBILITY_VERSION = 1;
				DYLIB_CURRENT_VERSION = 1;
				DYLIB_INSTALL_NAME_BASE = "@rpath";
				FRAMEWORK_VERSION = A;
				INFOPLIST_FILE = AppleEvents/Info.plist;
				INSTALL_PATH = "$(LOCAL_LIBRARY_DIR)/Frameworks";
				LD_RUNPATH_SEARCH_PATHS = (
					"$(inherited)",
					"@executable_path/../Frameworks",
					"@loader_path/Frameworks",
				);
				PRODUCT_BUNDLE_IDENTIFIER = uk.nuggle.AppleEvents;
				PRODUCT_NAME = "$(TARGET_NAME:c99extidentifier)";
				SKIP_INSTALL = YES;
				SWIFT_VERSION = 5.0;
			};
			name = Release;
		};
		4F1EA9CD22835239000E0A3A /* Debug */ = {
			isa = XCBuildConfiguration;
			buildSettings = {
				CODE_SIGN_STYLE = Automatic;
				DEVELOPMENT_TEAM = 27XZ82KJ77;
				PRODUCT_NAME = "$(TARGET_NAME)";
				SWIFT_VERSION = 5.0;
			};
			name = Debug;
		};
		4F1EA9CE22835239000E0A3A /* Release */ = {
			isa = XCBuildConfiguration;
			buildSettings = {
				CODE_SIGN_STYLE = Automatic;
				DEVELOPMENT_TEAM = 27XZ82KJ77;
				PRODUCT_NAME = "$(TARGET_NAME)";
				SWIFT_VERSION = 5.0;
			};
			name = Release;
		};
		4F21AF2622861C7500A1B978 /* Debug */ = {
			isa = XCBuildConfiguration;
			buildSettings = {
				CODE_SIGN_STYLE = Automatic;
				DEVELOPMENT_TEAM = 27XZ82KJ77;
				EXECUTABLE_PREFIX = lib;
				INFOPLIST_FILE = lib;
				PRODUCT_NAME = AppleEvents;
				SKIP_INSTALL = YES;
			};
			name = Debug;
		};
		4F21AF2722861C7500A1B978 /* Release */ = {
			isa = XCBuildConfiguration;
			buildSettings = {
				CODE_SIGN_STYLE = Automatic;
				DEVELOPMENT_TEAM = 27XZ82KJ77;
				EXECUTABLE_PREFIX = lib;
				INFOPLIST_FILE = lib;
				PRODUCT_NAME = AppleEvents;
				SKIP_INSTALL = YES;
			};
			name = Release;
		};
		4FD23EBB229A8770006792A7 /* Debug */ = {
			isa = XCBuildConfiguration;
			buildSettings = {
				CODE_SIGN_STYLE = Automatic;
				DEVELOPMENT_TEAM = 27XZ82KJ77;
				MACOSX_DEPLOYMENT_TARGET = 10.14;
				PRODUCT_NAME = "$(TARGET_NAME)";
				SWIFT_VERSION = 5.0;
			};
			name = Debug;
		};
		4FD23EBC229A8770006792A7 /* Release */ = {
			isa = XCBuildConfiguration;
			buildSettings = {
				CODE_SIGN_STYLE = Automatic;
				DEVELOPMENT_TEAM = 27XZ82KJ77;
				MACOSX_DEPLOYMENT_TARGET = 10.14;
				PRODUCT_NAME = "$(TARGET_NAME)";
				SWIFT_VERSION = 5.0;
			};
			name = Release;
		};
/* End XCBuildConfiguration section */

/* Begin XCConfigurationList section */
		4F081B77229BDD1A00B2004B /* Build configuration list for PBXNativeTarget "MZAppleEvents" */ = {
			isa = XCConfigurationList;
			buildConfigurations = (
				4F081B78229BDD1A00B2004B /* Debug */,
				4F081B79229BDD1A00B2004B /* Release */,
			);
			defaultConfigurationIsVisible = 0;
			defaultConfigurationName = Release;
		};
		4F081BF0229BEAB100B2004B /* Build configuration list for PBXNativeTarget "MZCarbonShim" */ = {
			isa = XCConfigurationList;
			buildConfigurations = (
				4F081BF1229BEAB100B2004B /* Debug */,
				4F081BF2229BEAB100B2004B /* Release */,
			);
			defaultConfigurationIsVisible = 0;
			defaultConfigurationName = Release;
		};
		4F1EA99522835040000E0A3A /* Build configuration list for PBXProject "AppleEvents" */ = {
			isa = XCConfigurationList;
			buildConfigurations = (
				4F1EA9A122835040000E0A3A /* Debug */,
				4F1EA9A222835040000E0A3A /* Release */,
			);
			defaultConfigurationIsVisible = 0;
			defaultConfigurationName = Release;
		};
		4F1EA9A322835040000E0A3A /* Build configuration list for PBXNativeTarget "AppleEvents" */ = {
			isa = XCConfigurationList;
			buildConfigurations = (
				4F1EA9A422835040000E0A3A /* Debug */,
				4F1EA9A522835040000E0A3A /* Release */,
			);
			defaultConfigurationIsVisible = 0;
			defaultConfigurationName = Release;
		};
		4F1EA9CC22835239000E0A3A /* Build configuration list for PBXNativeTarget "test-send" */ = {
			isa = XCConfigurationList;
			buildConfigurations = (
				4F1EA9CD22835239000E0A3A /* Debug */,
				4F1EA9CE22835239000E0A3A /* Release */,
			);
			defaultConfigurationIsVisible = 0;
			defaultConfigurationName = Release;
		};
		4F21AF2522861C7500A1B978 /* Build configuration list for PBXNativeTarget "libAppleEvents" */ = {
			isa = XCConfigurationList;
			buildConfigurations = (
				4F21AF2622861C7500A1B978 /* Debug */,
				4F21AF2722861C7500A1B978 /* Release */,
			);
			defaultConfigurationIsVisible = 0;
			defaultConfigurationName = Release;
		};
		4FD23EBA229A8770006792A7 /* Build configuration list for PBXNativeTarget "test-receive" */ = {
			isa = XCConfigurationList;
			buildConfigurations = (
				4FD23EBB229A8770006792A7 /* Debug */,
				4FD23EBC229A8770006792A7 /* Release */,
			);
			defaultConfigurationIsVisible = 0;
			defaultConfigurationName = Release;
		};
/* End XCConfigurationList section */
	};
	rootObject = 4F1EA99222835040000E0A3A /* Project object */;
}
