// !$*UTF8*$!
{
	archiveVersion = 1;
	classes = {
	};
	objectVersion = 50;
	objects = {

/* Begin PBXBuildFile section */
		4F0B4C3C23264FEC00BDA407 /* main.swift in Sources */ = {isa = PBXBuildFile; fileRef = 4F2572D9232646E10002AED8 /* main.swift */; };
		4F0B4C3D23264FF100BDA407 /* main.swift in Sources */ = {isa = PBXBuildFile; fileRef = 4F2572DB232646E10002AED8 /* main.swift */; };
		4F2572A5232645650002AED8 /* Constants.swift in Sources */ = {isa = PBXBuildFile; fileRef = 4F257293232645650002AED8 /* Constants.swift */; };
		4F2572A6232645650002AED8 /* AppleEventDescriptor.swift in Sources */ = {isa = PBXBuildFile; fileRef = 4F257294232645650002AED8 /* AppleEventDescriptor.swift */; };
		4F2572A7232645650002AED8 /* AppleEventHandler.swift in Sources */ = {isa = PBXBuildFile; fileRef = 4F257295232645650002AED8 /* AppleEventHandler.swift */; };
		4F2572A8232645650002AED8 /* ListDescriptor.swift in Sources */ = {isa = PBXBuildFile; fileRef = 4F257296232645650002AED8 /* ListDescriptor.swift */; };
		4F2572A9232645650002AED8 /* AppleEventError.swift in Sources */ = {isa = PBXBuildFile; fileRef = 4F257297232645650002AED8 /* AppleEventError.swift */; };
		4F2572AA232645650002AED8 /* Unflatten.swift in Sources */ = {isa = PBXBuildFile; fileRef = 4F257298232645650002AED8 /* Unflatten.swift */; };
		4F2572AB232645650002AED8 /* QueryDescriptors.swift in Sources */ = {isa = PBXBuildFile; fileRef = 4F257299232645650002AED8 /* QueryDescriptors.swift */; };
		4F2572AC232645650002AED8 /* RecordDescriptor.swift in Sources */ = {isa = PBXBuildFile; fileRef = 4F25729A232645650002AED8 /* RecordDescriptor.swift */; };
		4F2572AD232645650002AED8 /* Descriptor.swift in Sources */ = {isa = PBXBuildFile; fileRef = 4F25729B232645650002AED8 /* Descriptor.swift */; };
		4F2572AE232645650002AED8 /* AddressDescriptor.swift in Sources */ = {isa = PBXBuildFile; fileRef = 4F25729C232645650002AED8 /* AddressDescriptor.swift */; };
		4F2572AF232645650002AED8 /* TestDescriptors.swift in Sources */ = {isa = PBXBuildFile; fileRef = 4F25729D232645650002AED8 /* TestDescriptors.swift */; };
		4F2572B0232645650002AED8 /* Support.swift in Sources */ = {isa = PBXBuildFile; fileRef = 4F25729E232645650002AED8 /* Support.swift */; };
		4F2572B2232645650002AED8 /* Shim.swift in Sources */ = {isa = PBXBuildFile; fileRef = 4F2572A0232645650002AED8 /* Shim.swift */; };
		4F2572B3232645650002AED8 /* ScalarDescriptor.swift in Sources */ = {isa = PBXBuildFile; fileRef = 4F2572A1232645650002AED8 /* ScalarDescriptor.swift */; };
		4F2572B4232645650002AED8 /* UnpackFuncs.swift in Sources */ = {isa = PBXBuildFile; fileRef = 4F2572A2232645650002AED8 /* UnpackFuncs.swift */; };
		4F2572B5232645650002AED8 /* PackFuncs.swift in Sources */ = {isa = PBXBuildFile; fileRef = 4F2572A3232645650002AED8 /* PackFuncs.swift */; };
		4F2572C3232646BB0002AED8 /* Unflatten.swift in Sources */ = {isa = PBXBuildFile; fileRef = 4F257298232645650002AED8 /* Unflatten.swift */; };
		4F2572C4232646BB0002AED8 /* PackFuncs.swift in Sources */ = {isa = PBXBuildFile; fileRef = 4F2572A3232645650002AED8 /* PackFuncs.swift */; };
		4F2572C5232646BB0002AED8 /* UnpackFuncs.swift in Sources */ = {isa = PBXBuildFile; fileRef = 4F2572A2232645650002AED8 /* UnpackFuncs.swift */; };
		4F2572C6232646BB0002AED8 /* Descriptor.swift in Sources */ = {isa = PBXBuildFile; fileRef = 4F25729B232645650002AED8 /* Descriptor.swift */; };
		4F2572C7232646BB0002AED8 /* ScalarDescriptor.swift in Sources */ = {isa = PBXBuildFile; fileRef = 4F2572A1232645650002AED8 /* ScalarDescriptor.swift */; };
		4F2572C8232646BB0002AED8 /* AddressDescriptor.swift in Sources */ = {isa = PBXBuildFile; fileRef = 4F25729C232645650002AED8 /* AddressDescriptor.swift */; };
		4F2572C9232646BB0002AED8 /* ListDescriptor.swift in Sources */ = {isa = PBXBuildFile; fileRef = 4F257296232645650002AED8 /* ListDescriptor.swift */; };
		4F2572CA232646BB0002AED8 /* RecordDescriptor.swift in Sources */ = {isa = PBXBuildFile; fileRef = 4F25729A232645650002AED8 /* RecordDescriptor.swift */; };
		4F2572CB232646BB0002AED8 /* QueryDescriptors.swift in Sources */ = {isa = PBXBuildFile; fileRef = 4F257299232645650002AED8 /* QueryDescriptors.swift */; };
		4F2572CC232646BB0002AED8 /* TestDescriptors.swift in Sources */ = {isa = PBXBuildFile; fileRef = 4F25729D232645650002AED8 /* TestDescriptors.swift */; };
		4F2572CD232646BB0002AED8 /* AppleEventDescriptor.swift in Sources */ = {isa = PBXBuildFile; fileRef = 4F257294232645650002AED8 /* AppleEventDescriptor.swift */; };
		4F2572CE232646BB0002AED8 /* AppleEventHandler.swift in Sources */ = {isa = PBXBuildFile; fileRef = 4F257295232645650002AED8 /* AppleEventHandler.swift */; };
		4F2572CF232646BB0002AED8 /* AppleEventError.swift in Sources */ = {isa = PBXBuildFile; fileRef = 4F257297232645650002AED8 /* AppleEventError.swift */; };
		4F2572D0232646BB0002AED8 /* Support.swift in Sources */ = {isa = PBXBuildFile; fileRef = 4F25729E232645650002AED8 /* Support.swift */; };
		4F2572D1232646BB0002AED8 /* Constants.swift in Sources */ = {isa = PBXBuildFile; fileRef = 4F257293232645650002AED8 /* Constants.swift */; };
		4F2572D2232646BB0002AED8 /* Shim.swift in Sources */ = {isa = PBXBuildFile; fileRef = 4F2572A0232645650002AED8 /* Shim.swift */; };
		4F25730123264A620002AED8 /* AppleEvents.h in Headers */ = {isa = PBXBuildFile; fileRef = 4F25729F232645650002AED8 /* AppleEvents.h */; settings = {ATTRIBUTES = (Public, ); }; };
		4FF4D48F23269E1E00837530 /* AEMShim.h in Headers */ = {isa = PBXBuildFile; fileRef = 4FF4D48D23269E1E00837530 /* AEMShim.h */; };
		4FF4D49023269E1E00837530 /* AEMShim.h in Headers */ = {isa = PBXBuildFile; fileRef = 4FF4D48D23269E1E00837530 /* AEMShim.h */; };
		4FF4D49123269E1E00837530 /* AEMShim.m in Sources */ = {isa = PBXBuildFile; fileRef = 4FF4D48E23269E1E00837530 /* AEMShim.m */; };
		4FF4D49223269E1E00837530 /* AEMShim.m in Sources */ = {isa = PBXBuildFile; fileRef = 4FF4D48E23269E1E00837530 /* AEMShim.m */; };
		4FF4D4A02326A2F400837530 /* libAppleEvents.a in Frameworks */ = {isa = PBXBuildFile; fileRef = 4F2572BE2326468C0002AED8 /* libAppleEvents.a */; };
		4FF4D4A52326A30C00837530 /* libAppleEvents.a in Frameworks */ = {isa = PBXBuildFile; fileRef = 4F2572BE2326468C0002AED8 /* libAppleEvents.a */; };
/* End PBXBuildFile section */

/* Begin PBXContainerItemProxy section */
		4FF4D4A12326A2F800837530 /* PBXContainerItemProxy */ = {
			isa = PBXContainerItemProxy;
			containerPortal = 4F25727E232644F40002AED8 /* Project object */;
			proxyType = 1;
			remoteGlobalIDString = 4F2572BD2326468C0002AED8;
			remoteInfo = libAppleEvents;
		};
		4FF4D4A32326A30800837530 /* PBXContainerItemProxy */ = {
			isa = PBXContainerItemProxy;
			containerPortal = 4F25727E232644F40002AED8 /* Project object */;
			proxyType = 1;
			remoteGlobalIDString = 4F2572BD2326468C0002AED8;
			remoteInfo = libAppleEvents;
		};
/* End PBXContainerItemProxy section */

/* Begin PBXCopyFilesBuildPhase section */
		4F0B4C0823264B6D00BDA407 /* CopyFiles */ = {
			isa = PBXCopyFilesBuildPhase;
			buildActionMask = 2147483647;
			dstPath = /usr/share/man/man1/;
			dstSubfolderSpec = 0;
			files = (
			);
			runOnlyForDeploymentPostprocessing = 1;
		};
		4F0B4C1623264B8600BDA407 /* CopyFiles */ = {
			isa = PBXCopyFilesBuildPhase;
			buildActionMask = 2147483647;
			dstPath = /usr/share/man/man1/;
			dstSubfolderSpec = 0;
			files = (
			);
			runOnlyForDeploymentPostprocessing = 1;
		};
/* End PBXCopyFilesBuildPhase section */

/* Begin PBXFileReference section */
		4F0B4C0A23264B6D00BDA407 /* test-receive */ = {isa = PBXFileReference; explicitFileType = "compiled.mach-o.executable"; includeInIndex = 0; path = "test-receive"; sourceTree = BUILT_PRODUCTS_DIR; };
		4F0B4C1823264B8600BDA407 /* test-send */ = {isa = PBXFileReference; explicitFileType = "compiled.mach-o.executable"; includeInIndex = 0; path = "test-send"; sourceTree = BUILT_PRODUCTS_DIR; };
		4F257287232644F40002AED8 /* AppleEvents.framework */ = {isa = PBXFileReference; explicitFileType = wrapper.framework; includeInIndex = 0; path = AppleEvents.framework; sourceTree = BUILT_PRODUCTS_DIR; };
		4F257293232645650002AED8 /* Constants.swift */ = {isa = PBXFileReference; fileEncoding = 4; lastKnownFileType = sourcecode.swift; path = Constants.swift; sourceTree = "<group>"; };
		4F257294232645650002AED8 /* AppleEventDescriptor.swift */ = {isa = PBXFileReference; fileEncoding = 4; lastKnownFileType = sourcecode.swift; path = AppleEventDescriptor.swift; sourceTree = "<group>"; };
		4F257295232645650002AED8 /* AppleEventHandler.swift */ = {isa = PBXFileReference; fileEncoding = 4; lastKnownFileType = sourcecode.swift; path = AppleEventHandler.swift; sourceTree = "<group>"; };
		4F257296232645650002AED8 /* ListDescriptor.swift */ = {isa = PBXFileReference; fileEncoding = 4; lastKnownFileType = sourcecode.swift; path = ListDescriptor.swift; sourceTree = "<group>"; };
		4F257297232645650002AED8 /* AppleEventError.swift */ = {isa = PBXFileReference; fileEncoding = 4; lastKnownFileType = sourcecode.swift; path = AppleEventError.swift; sourceTree = "<group>"; };
		4F257298232645650002AED8 /* Unflatten.swift */ = {isa = PBXFileReference; fileEncoding = 4; lastKnownFileType = sourcecode.swift; path = Unflatten.swift; sourceTree = "<group>"; };
		4F257299232645650002AED8 /* QueryDescriptors.swift */ = {isa = PBXFileReference; fileEncoding = 4; lastKnownFileType = sourcecode.swift; path = QueryDescriptors.swift; sourceTree = "<group>"; };
		4F25729A232645650002AED8 /* RecordDescriptor.swift */ = {isa = PBXFileReference; fileEncoding = 4; lastKnownFileType = sourcecode.swift; path = RecordDescriptor.swift; sourceTree = "<group>"; };
		4F25729B232645650002AED8 /* Descriptor.swift */ = {isa = PBXFileReference; fileEncoding = 4; lastKnownFileType = sourcecode.swift; path = Descriptor.swift; sourceTree = "<group>"; };
		4F25729C232645650002AED8 /* AddressDescriptor.swift */ = {isa = PBXFileReference; fileEncoding = 4; lastKnownFileType = sourcecode.swift; path = AddressDescriptor.swift; sourceTree = "<group>"; };
		4F25729D232645650002AED8 /* TestDescriptors.swift */ = {isa = PBXFileReference; fileEncoding = 4; lastKnownFileType = sourcecode.swift; path = TestDescriptors.swift; sourceTree = "<group>"; };
		4F25729E232645650002AED8 /* Support.swift */ = {isa = PBXFileReference; fileEncoding = 4; lastKnownFileType = sourcecode.swift; path = Support.swift; sourceTree = "<group>"; };
		4F25729F232645650002AED8 /* AppleEvents.h */ = {isa = PBXFileReference; fileEncoding = 4; lastKnownFileType = sourcecode.c.h; path = AppleEvents.h; sourceTree = "<group>"; };
		4F2572A0232645650002AED8 /* Shim.swift */ = {isa = PBXFileReference; fileEncoding = 4; lastKnownFileType = sourcecode.swift; path = Shim.swift; sourceTree = "<group>"; };
		4F2572A1232645650002AED8 /* ScalarDescriptor.swift */ = {isa = PBXFileReference; fileEncoding = 4; lastKnownFileType = sourcecode.swift; path = ScalarDescriptor.swift; sourceTree = "<group>"; };
		4F2572A2232645650002AED8 /* UnpackFuncs.swift */ = {isa = PBXFileReference; fileEncoding = 4; lastKnownFileType = sourcecode.swift; path = UnpackFuncs.swift; sourceTree = "<group>"; };
		4F2572A3232645650002AED8 /* PackFuncs.swift */ = {isa = PBXFileReference; fileEncoding = 4; lastKnownFileType = sourcecode.swift; path = PackFuncs.swift; sourceTree = "<group>"; };
		4F2572A4232645650002AED8 /* Info.plist */ = {isa = PBXFileReference; fileEncoding = 4; lastKnownFileType = text.plist.xml; path = Info.plist; sourceTree = "<group>"; };
		4F2572BE2326468C0002AED8 /* libAppleEvents.a */ = {isa = PBXFileReference; explicitFileType = archive.ar; includeInIndex = 0; path = libAppleEvents.a; sourceTree = BUILT_PRODUCTS_DIR; };
		4F2572D8232646E10002AED8 /* test-ae.py */ = {isa = PBXFileReference; lastKnownFileType = text.script.python; path = "test-ae.py"; sourceTree = "<group>"; };
		4F2572D9232646E10002AED8 /* main.swift */ = {isa = PBXFileReference; lastKnownFileType = sourcecode.swift; path = main.swift; sourceTree = "<group>"; };
		4F2572DB232646E10002AED8 /* main.swift */ = {isa = PBXFileReference; lastKnownFileType = sourcecode.swift; path = main.swift; sourceTree = "<group>"; };
		4F2572F72326485D0002AED8 /* Foundation.framework */ = {isa = PBXFileReference; lastKnownFileType = wrapper.framework; name = Foundation.framework; path = System/Library/Frameworks/Foundation.framework; sourceTree = SDKROOT; };
		4F2572F82326485D0002AED8 /* CoreFoundation.framework */ = {isa = PBXFileReference; lastKnownFileType = wrapper.framework; name = CoreFoundation.framework; path = System/Library/Frameworks/CoreFoundation.framework; sourceTree = SDKROOT; };
		4FF4D48C23269E1D00837530 /* AppleEvents-Bridging-Header.h */ = {isa = PBXFileReference; lastKnownFileType = sourcecode.c.h; path = "AppleEvents-Bridging-Header.h"; sourceTree = "<group>"; };
		4FF4D48D23269E1E00837530 /* AEMShim.h */ = {isa = PBXFileReference; fileEncoding = 4; lastKnownFileType = sourcecode.c.h; path = AEMShim.h; sourceTree = "<group>"; };
		4FF4D48E23269E1E00837530 /* AEMShim.m */ = {isa = PBXFileReference; fileEncoding = 4; lastKnownFileType = sourcecode.c.objc; path = AEMShim.m; sourceTree = "<group>"; };
/* End PBXFileReference section */

/* Begin PBXFrameworksBuildPhase section */
		4F0B4C0723264B6D00BDA407 /* Frameworks */ = {
			isa = PBXFrameworksBuildPhase;
			buildActionMask = 2147483647;
			files = (
				4FF4D4A52326A30C00837530 /* libAppleEvents.a in Frameworks */,
			);
			runOnlyForDeploymentPostprocessing = 0;
		};
		4F0B4C1523264B8600BDA407 /* Frameworks */ = {
			isa = PBXFrameworksBuildPhase;
			buildActionMask = 2147483647;
			files = (
				4FF4D4A02326A2F400837530 /* libAppleEvents.a in Frameworks */,
			);
			runOnlyForDeploymentPostprocessing = 0;
		};
		4F257284232644F40002AED8 /* Frameworks */ = {
			isa = PBXFrameworksBuildPhase;
			buildActionMask = 2147483647;
			files = (
			);
			runOnlyForDeploymentPostprocessing = 0;
		};
		4F2572BC2326468C0002AED8 /* Frameworks */ = {
			isa = PBXFrameworksBuildPhase;
			buildActionMask = 2147483647;
			files = (
			);
			runOnlyForDeploymentPostprocessing = 0;
		};
/* End PBXFrameworksBuildPhase section */

/* Begin PBXGroup section */
		4F25727D232644F40002AED8 = {
			isa = PBXGroup;
			children = (
				4F257292232645650002AED8 /* AppleEvents */,
				4F2572D7232646E10002AED8 /* test-receive */,
				4F2572DA232646E10002AED8 /* test-send */,
				4F2572E8232647940002AED8 /* Frameworks */,
				4F257288232644F40002AED8 /* Products */,
			);
			sourceTree = "<group>";
		};
		4F257288232644F40002AED8 /* Products */ = {
			isa = PBXGroup;
			children = (
				4F257287232644F40002AED8 /* AppleEvents.framework */,
				4F2572BE2326468C0002AED8 /* libAppleEvents.a */,
				4F0B4C0A23264B6D00BDA407 /* test-receive */,
				4F0B4C1823264B8600BDA407 /* test-send */,
			);
			name = Products;
			sourceTree = "<group>";
		};
		4F257292232645650002AED8 /* AppleEvents */ = {
			isa = PBXGroup;
			children = (
				4F25729F232645650002AED8 /* AppleEvents.h */,
				4F2572A4232645650002AED8 /* Info.plist */,
				4F2572B7232645E00002AED8 /* codecs */,
				4F2572B8232646010002AED8 /* descriptors */,
				4F2572B9232646300002AED8 /* handlers */,
				4F257297232645650002AED8 /* AppleEventError.swift */,
				4F25729E232645650002AED8 /* Support.swift */,
				4F257293232645650002AED8 /* Constants.swift */,
				4FF4D49323269E5800837530 /* shim */,
			);
			path = AppleEvents;
			sourceTree = "<group>";
		};
		4F2572B7232645E00002AED8 /* codecs */ = {
			isa = PBXGroup;
			children = (
				4F257298232645650002AED8 /* Unflatten.swift */,
				4F2572A3232645650002AED8 /* PackFuncs.swift */,
				4F2572A2232645650002AED8 /* UnpackFuncs.swift */,
			);
			name = codecs;
			sourceTree = "<group>";
		};
		4F2572B8232646010002AED8 /* descriptors */ = {
			isa = PBXGroup;
			children = (
				4F25729B232645650002AED8 /* Descriptor.swift */,
				4F2572A1232645650002AED8 /* ScalarDescriptor.swift */,
				4F25729C232645650002AED8 /* AddressDescriptor.swift */,
				4F257296232645650002AED8 /* ListDescriptor.swift */,
				4F25729A232645650002AED8 /* RecordDescriptor.swift */,
				4F257299232645650002AED8 /* QueryDescriptors.swift */,
				4F25729D232645650002AED8 /* TestDescriptors.swift */,
				4F257294232645650002AED8 /* AppleEventDescriptor.swift */,
			);
			name = descriptors;
			path = AppleEvents;
			sourceTree = SOURCE_ROOT;
		};
		4F2572B9232646300002AED8 /* handlers */ = {
			isa = PBXGroup;
			children = (
				4F257295232645650002AED8 /* AppleEventHandler.swift */,
			);
			name = handlers;
			path = AppleEvents;
			sourceTree = SOURCE_ROOT;
		};
		4F2572D7232646E10002AED8 /* test-receive */ = {
			isa = PBXGroup;
			children = (
				4F2572D8232646E10002AED8 /* test-ae.py */,
				4F2572D9232646E10002AED8 /* main.swift */,
			);
			path = "test-receive";
			sourceTree = "<group>";
		};
		4F2572DA232646E10002AED8 /* test-send */ = {
			isa = PBXGroup;
			children = (
				4F2572DB232646E10002AED8 /* main.swift */,
			);
			path = "test-send";
			sourceTree = "<group>";
		};
		4F2572E8232647940002AED8 /* Frameworks */ = {
			isa = PBXGroup;
			children = (
				4F2572F82326485D0002AED8 /* CoreFoundation.framework */,
				4F2572F72326485D0002AED8 /* Foundation.framework */,
			);
			name = Frameworks;
			sourceTree = "<group>";
		};
		4FF4D49323269E5800837530 /* shim */ = {
			isa = PBXGroup;
			children = (
				4F2572A0232645650002AED8 /* Shim.swift */,
				4FF4D48D23269E1E00837530 /* AEMShim.h */,
				4FF4D48E23269E1E00837530 /* AEMShim.m */,
				4FF4D48C23269E1D00837530 /* AppleEvents-Bridging-Header.h */,
			);
			name = shim;
			sourceTree = "<group>";
		};
/* End PBXGroup section */

/* Begin PBXHeadersBuildPhase section */
		4F257282232644F40002AED8 /* Headers */ = {
			isa = PBXHeadersBuildPhase;
			buildActionMask = 2147483647;
			files = (
				4F25730123264A620002AED8 /* AppleEvents.h in Headers */,
				4FF4D48F23269E1E00837530 /* AEMShim.h in Headers */,
			);
			runOnlyForDeploymentPostprocessing = 0;
		};
		4F2572BA2326468C0002AED8 /* Headers */ = {
			isa = PBXHeadersBuildPhase;
			buildActionMask = 2147483647;
			files = (
				4FF4D49023269E1E00837530 /* AEMShim.h in Headers */,
			);
			runOnlyForDeploymentPostprocessing = 0;
		};
/* End PBXHeadersBuildPhase section */

/* Begin PBXNativeTarget section */
		4F0B4C0923264B6D00BDA407 /* test-receive */ = {
			isa = PBXNativeTarget;
			buildConfigurationList = 4F0B4C1023264B6D00BDA407 /* Build configuration list for PBXNativeTarget "test-receive" */;
			buildPhases = (
				4F0B4C0623264B6D00BDA407 /* Sources */,
				4F0B4C0723264B6D00BDA407 /* Frameworks */,
				4F0B4C0823264B6D00BDA407 /* CopyFiles */,
			);
			buildRules = (
			);
			dependencies = (
				4FF4D4A42326A30800837530 /* PBXTargetDependency */,
			);
			name = "test-receive";
			productName = "test-receive";
			productReference = 4F0B4C0A23264B6D00BDA407 /* test-receive */;
			productType = "com.apple.product-type.tool";
		};
		4F0B4C1723264B8600BDA407 /* test-send */ = {
			isa = PBXNativeTarget;
			buildConfigurationList = 4F0B4C1C23264B8600BDA407 /* Build configuration list for PBXNativeTarget "test-send" */;
			buildPhases = (
				4F0B4C1423264B8600BDA407 /* Sources */,
				4F0B4C1523264B8600BDA407 /* Frameworks */,
				4F0B4C1623264B8600BDA407 /* CopyFiles */,
			);
			buildRules = (
			);
			dependencies = (
				4FF4D4A22326A2F800837530 /* PBXTargetDependency */,
			);
			name = "test-send";
			productName = "test-send";
			productReference = 4F0B4C1823264B8600BDA407 /* test-send */;
			productType = "com.apple.product-type.tool";
		};
		4F257286232644F40002AED8 /* AppleEvents */ = {
			isa = PBXNativeTarget;
			buildConfigurationList = 4F25728F232644F40002AED8 /* Build configuration list for PBXNativeTarget "AppleEvents" */;
			buildPhases = (
				4F257282232644F40002AED8 /* Headers */,
				4F257283232644F40002AED8 /* Sources */,
				4F257284232644F40002AED8 /* Frameworks */,
				4F257285232644F40002AED8 /* Resources */,
			);
			buildRules = (
			);
			dependencies = (
			);
			name = AppleEvents;
			productName = AppleEvents;
			productReference = 4F257287232644F40002AED8 /* AppleEvents.framework */;
			productType = "com.apple.product-type.framework";
		};
		4F2572BD2326468C0002AED8 /* libAppleEvents */ = {
			isa = PBXNativeTarget;
			buildConfigurationList = 4F2572BF2326468C0002AED8 /* Build configuration list for PBXNativeTarget "libAppleEvents" */;
			buildPhases = (
				4F2572BA2326468C0002AED8 /* Headers */,
				4F2572BB2326468C0002AED8 /* Sources */,
				4F2572BC2326468C0002AED8 /* Frameworks */,
			);
			buildRules = (
			);
			dependencies = (
			);
			name = libAppleEvents;
			productName = libAppleEvents;
			productReference = 4F2572BE2326468C0002AED8 /* libAppleEvents.a */;
			productType = "com.apple.product-type.library.static";
		};
/* End PBXNativeTarget section */

/* Begin PBXProject section */
		4F25727E232644F40002AED8 /* Project object */ = {
			isa = PBXProject;
			attributes = {
				LastSwiftUpdateCheck = 1030;
				LastUpgradeCheck = 1340;
				ORGANIZATIONNAME = "Hamish Sanderson";
				TargetAttributes = {
					4F0B4C0923264B6D00BDA407 = {
						CreatedOnToolsVersion = 10.3;
					};
					4F0B4C1723264B8600BDA407 = {
						CreatedOnToolsVersion = 10.3;
					};
					4F257286232644F40002AED8 = {
						CreatedOnToolsVersion = 10.3;
						LastSwiftMigration = 1030;
					};
					4F2572BD2326468C0002AED8 = {
						CreatedOnToolsVersion = 10.3;
						LastSwiftMigration = 1030;
					};
				};
			};
			buildConfigurationList = 4F257281232644F40002AED8 /* Build configuration list for PBXProject "AppleEvents" */;
			compatibilityVersion = "Xcode 9.3";
			developmentRegion = en;
			hasScannedForEncodings = 0;
			knownRegions = (
				en,
				Base,
			);
			mainGroup = 4F25727D232644F40002AED8;
			productRefGroup = 4F257288232644F40002AED8 /* Products */;
			projectDirPath = "";
			projectRoot = "";
			targets = (
				4F257286232644F40002AED8 /* AppleEvents */,
				4F2572BD2326468C0002AED8 /* libAppleEvents */,
				4F0B4C0923264B6D00BDA407 /* test-receive */,
				4F0B4C1723264B8600BDA407 /* test-send */,
			);
		};
/* End PBXProject section */

/* Begin PBXResourcesBuildPhase section */
		4F257285232644F40002AED8 /* Resources */ = {
			isa = PBXResourcesBuildPhase;
			buildActionMask = 2147483647;
			files = (
			);
			runOnlyForDeploymentPostprocessing = 0;
		};
/* End PBXResourcesBuildPhase section */

/* Begin PBXSourcesBuildPhase section */
		4F0B4C0623264B6D00BDA407 /* Sources */ = {
			isa = PBXSourcesBuildPhase;
			buildActionMask = 2147483647;
			files = (
				4F0B4C3C23264FEC00BDA407 /* main.swift in Sources */,
			);
			runOnlyForDeploymentPostprocessing = 0;
		};
		4F0B4C1423264B8600BDA407 /* Sources */ = {
			isa = PBXSourcesBuildPhase;
			buildActionMask = 2147483647;
			files = (
				4F0B4C3D23264FF100BDA407 /* main.swift in Sources */,
			);
			runOnlyForDeploymentPostprocessing = 0;
		};
		4F257283232644F40002AED8 /* Sources */ = {
			isa = PBXSourcesBuildPhase;
			buildActionMask = 2147483647;
			files = (
				4F2572B2232645650002AED8 /* Shim.swift in Sources */,
				4F2572A6232645650002AED8 /* AppleEventDescriptor.swift in Sources */,
				4F2572A9232645650002AED8 /* AppleEventError.swift in Sources */,
				4FF4D49123269E1E00837530 /* AEMShim.m in Sources */,
				4F2572A5232645650002AED8 /* Constants.swift in Sources */,
				4F2572A8232645650002AED8 /* ListDescriptor.swift in Sources */,
				4F2572A7232645650002AED8 /* AppleEventHandler.swift in Sources */,
				4F2572B0232645650002AED8 /* Support.swift in Sources */,
				4F2572AF232645650002AED8 /* TestDescriptors.swift in Sources */,
				4F2572B5232645650002AED8 /* PackFuncs.swift in Sources */,
				4F2572AE232645650002AED8 /* AddressDescriptor.swift in Sources */,
				4F2572AD232645650002AED8 /* Descriptor.swift in Sources */,
				4F2572AB232645650002AED8 /* QueryDescriptors.swift in Sources */,
				4F2572AA232645650002AED8 /* Unflatten.swift in Sources */,
				4F2572B3232645650002AED8 /* ScalarDescriptor.swift in Sources */,
				4F2572AC232645650002AED8 /* RecordDescriptor.swift in Sources */,
				4F2572B4232645650002AED8 /* UnpackFuncs.swift in Sources */,
			);
			runOnlyForDeploymentPostprocessing = 0;
		};
		4F2572BB2326468C0002AED8 /* Sources */ = {
			isa = PBXSourcesBuildPhase;
			buildActionMask = 2147483647;
			files = (
				4F2572C3232646BB0002AED8 /* Unflatten.swift in Sources */,
				4F2572C4232646BB0002AED8 /* PackFuncs.swift in Sources */,
				4F2572C5232646BB0002AED8 /* UnpackFuncs.swift in Sources */,
				4FF4D49223269E1E00837530 /* AEMShim.m in Sources */,
				4F2572C6232646BB0002AED8 /* Descriptor.swift in Sources */,
				4F2572C7232646BB0002AED8 /* ScalarDescriptor.swift in Sources */,
				4F2572C8232646BB0002AED8 /* AddressDescriptor.swift in Sources */,
				4F2572C9232646BB0002AED8 /* ListDescriptor.swift in Sources */,
				4F2572CA232646BB0002AED8 /* RecordDescriptor.swift in Sources */,
				4F2572CB232646BB0002AED8 /* QueryDescriptors.swift in Sources */,
				4F2572CC232646BB0002AED8 /* TestDescriptors.swift in Sources */,
				4F2572CD232646BB0002AED8 /* AppleEventDescriptor.swift in Sources */,
				4F2572CE232646BB0002AED8 /* AppleEventHandler.swift in Sources */,
				4F2572CF232646BB0002AED8 /* AppleEventError.swift in Sources */,
				4F2572D0232646BB0002AED8 /* Support.swift in Sources */,
				4F2572D1232646BB0002AED8 /* Constants.swift in Sources */,
				4F2572D2232646BB0002AED8 /* Shim.swift in Sources */,
			);
			runOnlyForDeploymentPostprocessing = 0;
		};
/* End PBXSourcesBuildPhase section */

/* Begin PBXTargetDependency section */
		4FF4D4A22326A2F800837530 /* PBXTargetDependency */ = {
			isa = PBXTargetDependency;
			target = 4F2572BD2326468C0002AED8 /* libAppleEvents */;
			targetProxy = 4FF4D4A12326A2F800837530 /* PBXContainerItemProxy */;
		};
		4FF4D4A42326A30800837530 /* PBXTargetDependency */ = {
			isa = PBXTargetDependency;
			target = 4F2572BD2326468C0002AED8 /* libAppleEvents */;
			targetProxy = 4FF4D4A32326A30800837530 /* PBXContainerItemProxy */;
		};
/* End PBXTargetDependency section */

/* Begin XCBuildConfiguration section */
		4F0B4C0E23264B6D00BDA407 /* Debug */ = {
			isa = XCBuildConfiguration;
			buildSettings = {
				CODE_SIGN_IDENTITY = "-";
				CODE_SIGN_STYLE = Automatic;
				DEVELOPMENT_TEAM = 27XZ82KJ77;
				PRODUCT_NAME = "$(TARGET_NAME)";
				SWIFT_VERSION = 5.0;
			};
			name = Debug;
		};
		4F0B4C0F23264B6D00BDA407 /* Release */ = {
			isa = XCBuildConfiguration;
			buildSettings = {
				CODE_SIGN_IDENTITY = "-";
				CODE_SIGN_STYLE = Automatic;
				DEVELOPMENT_TEAM = 27XZ82KJ77;
				PRODUCT_NAME = "$(TARGET_NAME)";
				SWIFT_VERSION = 5.0;
			};
			name = Release;
		};
		4F0B4C1D23264B8600BDA407 /* Debug */ = {
			isa = XCBuildConfiguration;
			buildSettings = {
				CODE_SIGN_IDENTITY = "-";
				CODE_SIGN_STYLE = Automatic;
				DEVELOPMENT_TEAM = 27XZ82KJ77;
				PRODUCT_NAME = "$(TARGET_NAME)";
				SWIFT_VERSION = 5.0;
			};
			name = Debug;
		};
		4F0B4C1E23264B8600BDA407 /* Release */ = {
			isa = XCBuildConfiguration;
			buildSettings = {
				CODE_SIGN_IDENTITY = "-";
				CODE_SIGN_STYLE = Automatic;
				DEVELOPMENT_TEAM = 27XZ82KJ77;
				PRODUCT_NAME = "$(TARGET_NAME)";
				SWIFT_VERSION = 5.0;
			};
			name = Release;
		};
		4F25728D232644F40002AED8 /* Debug */ = {
			isa = XCBuildConfiguration;
			buildSettings = {
				ALWAYS_SEARCH_USER_PATHS = NO;
				CLANG_ANALYZER_NONNULL = YES;
				CLANG_ANALYZER_NUMBER_OBJECT_CONVERSION = YES_AGGRESSIVE;
				CLANG_CXX_LANGUAGE_STANDARD = "gnu++14";
				CLANG_CXX_LIBRARY = "libc++";
				CLANG_ENABLE_MODULES = YES;
				CLANG_ENABLE_OBJC_ARC = YES;
				CLANG_ENABLE_OBJC_WEAK = YES;
				CLANG_WARN_BLOCK_CAPTURE_AUTORELEASING = YES;
				CLANG_WARN_BOOL_CONVERSION = YES;
				CLANG_WARN_COMMA = YES;
				CLANG_WARN_CONSTANT_CONVERSION = YES;
				CLANG_WARN_DEPRECATED_OBJC_IMPLEMENTATIONS = YES;
				CLANG_WARN_DIRECT_OBJC_ISA_USAGE = YES_ERROR;
				CLANG_WARN_DOCUMENTATION_COMMENTS = YES;
				CLANG_WARN_EMPTY_BODY = YES;
				CLANG_WARN_ENUM_CONVERSION = YES;
				CLANG_WARN_INFINITE_RECURSION = YES;
				CLANG_WARN_INT_CONVERSION = YES;
				CLANG_WARN_NON_LITERAL_NULL_CONVERSION = YES;
				CLANG_WARN_OBJC_IMPLICIT_RETAIN_SELF = YES;
				CLANG_WARN_OBJC_LITERAL_CONVERSION = YES;
				CLANG_WARN_OBJC_ROOT_CLASS = YES_ERROR;
				CLANG_WARN_QUOTED_INCLUDE_IN_FRAMEWORK_HEADER = YES;
				CLANG_WARN_RANGE_LOOP_ANALYSIS = YES;
				CLANG_WARN_STRICT_PROTOTYPES = YES;
				CLANG_WARN_SUSPICIOUS_MOVE = YES;
				CLANG_WARN_UNGUARDED_AVAILABILITY = YES_AGGRESSIVE;
				CLANG_WARN_UNREACHABLE_CODE = YES;
				CLANG_WARN__DUPLICATE_METHOD_MATCH = YES;
				CODE_SIGN_IDENTITY = "Mac Developer";
				COPY_PHASE_STRIP = NO;
				CURRENT_PROJECT_VERSION = 1;
				DEBUG_INFORMATION_FORMAT = dwarf;
				ENABLE_STRICT_OBJC_MSGSEND = YES;
				ENABLE_TESTABILITY = YES;
				GCC_C_LANGUAGE_STANDARD = gnu11;
				GCC_DYNAMIC_NO_PIC = NO;
				GCC_NO_COMMON_BLOCKS = YES;
				GCC_OPTIMIZATION_LEVEL = 0;
				GCC_PREPROCESSOR_DEFINITIONS = (
					"DEBUG=1",
					"$(inherited)",
				);
				GCC_WARN_64_TO_32_BIT_CONVERSION = YES;
				GCC_WARN_ABOUT_RETURN_TYPE = YES_ERROR;
				GCC_WARN_UNDECLARED_SELECTOR = YES;
				GCC_WARN_UNINITIALIZED_AUTOS = YES_AGGRESSIVE;
				GCC_WARN_UNUSED_FUNCTION = YES;
				GCC_WARN_UNUSED_VARIABLE = YES;
				MACOSX_DEPLOYMENT_TARGET = 10.14;
				MTL_ENABLE_DEBUG_INFO = INCLUDE_SOURCE;
				MTL_FAST_MATH = YES;
				ONLY_ACTIVE_ARCH = YES;
				SDKROOT = macosx;
				SWIFT_ACTIVE_COMPILATION_CONDITIONS = DEBUG;
				SWIFT_OPTIMIZATION_LEVEL = "-Onone";
				SWIFT_VERSION = 5.0;
				VERSIONING_SYSTEM = "apple-generic";
				VERSION_INFO_PREFIX = "";
			};
			name = Debug;
		};
		4F25728E232644F40002AED8 /* Release */ = {
			isa = XCBuildConfiguration;
			buildSettings = {
				ALWAYS_SEARCH_USER_PATHS = NO;
				CLANG_ANALYZER_NONNULL = YES;
				CLANG_ANALYZER_NUMBER_OBJECT_CONVERSION = YES_AGGRESSIVE;
				CLANG_CXX_LANGUAGE_STANDARD = "gnu++14";
				CLANG_CXX_LIBRARY = "libc++";
				CLANG_ENABLE_MODULES = YES;
				CLANG_ENABLE_OBJC_ARC = YES;
				CLANG_ENABLE_OBJC_WEAK = YES;
				CLANG_WARN_BLOCK_CAPTURE_AUTORELEASING = YES;
				CLANG_WARN_BOOL_CONVERSION = YES;
				CLANG_WARN_COMMA = YES;
				CLANG_WARN_CONSTANT_CONVERSION = YES;
				CLANG_WARN_DEPRECATED_OBJC_IMPLEMENTATIONS = YES;
				CLANG_WARN_DIRECT_OBJC_ISA_USAGE = YES_ERROR;
				CLANG_WARN_DOCUMENTATION_COMMENTS = YES;
				CLANG_WARN_EMPTY_BODY = YES;
				CLANG_WARN_ENUM_CONVERSION = YES;
				CLANG_WARN_INFINITE_RECURSION = YES;
				CLANG_WARN_INT_CONVERSION = YES;
				CLANG_WARN_NON_LITERAL_NULL_CONVERSION = YES;
				CLANG_WARN_OBJC_IMPLICIT_RETAIN_SELF = YES;
				CLANG_WARN_OBJC_LITERAL_CONVERSION = YES;
				CLANG_WARN_OBJC_ROOT_CLASS = YES_ERROR;
				CLANG_WARN_QUOTED_INCLUDE_IN_FRAMEWORK_HEADER = YES;
				CLANG_WARN_RANGE_LOOP_ANALYSIS = YES;
				CLANG_WARN_STRICT_PROTOTYPES = YES;
				CLANG_WARN_SUSPICIOUS_MOVE = YES;
				CLANG_WARN_UNGUARDED_AVAILABILITY = YES_AGGRESSIVE;
				CLANG_WARN_UNREACHABLE_CODE = YES;
				CLANG_WARN__DUPLICATE_METHOD_MATCH = YES;
				CODE_SIGN_IDENTITY = "Mac Developer";
				COPY_PHASE_STRIP = NO;
				CURRENT_PROJECT_VERSION = 1;
				DEBUG_INFORMATION_FORMAT = "dwarf-with-dsym";
				ENABLE_NS_ASSERTIONS = NO;
				ENABLE_STRICT_OBJC_MSGSEND = YES;
				GCC_C_LANGUAGE_STANDARD = gnu11;
				GCC_NO_COMMON_BLOCKS = YES;
				GCC_WARN_64_TO_32_BIT_CONVERSION = YES;
				GCC_WARN_ABOUT_RETURN_TYPE = YES_ERROR;
				GCC_WARN_UNDECLARED_SELECTOR = YES;
				GCC_WARN_UNINITIALIZED_AUTOS = YES_AGGRESSIVE;
				GCC_WARN_UNUSED_FUNCTION = YES;
				GCC_WARN_UNUSED_VARIABLE = YES;
				MACOSX_DEPLOYMENT_TARGET = 10.14;
				MTL_ENABLE_DEBUG_INFO = NO;
				MTL_FAST_MATH = YES;
				SDKROOT = macosx;
				SWIFT_COMPILATION_MODE = wholemodule;
				SWIFT_OPTIMIZATION_LEVEL = "-O";
				SWIFT_VERSION = 5.0;
				VERSIONING_SYSTEM = "apple-generic";
				VERSION_INFO_PREFIX = "";
			};
			name = Release;
		};
		4F257290232644F40002AED8 /* Debug */ = {
			isa = XCBuildConfiguration;
			buildSettings = {
				CLANG_ENABLE_MODULES = YES;
				CODE_SIGN_IDENTITY = "";
				CODE_SIGN_STYLE = Automatic;
				COMBINE_HIDPI_IMAGES = YES;
				DEFINES_MODULE = YES;
				DEVELOPMENT_TEAM = 27XZ82KJ77;
				DYLIB_COMPATIBILITY_VERSION = 1;
				DYLIB_CURRENT_VERSION = 1;
				DYLIB_INSTALL_NAME_BASE = "@rpath";
				FRAMEWORK_VERSION = A;
				INFOPLIST_FILE = AppleEvents/Info.plist;
				INSTALL_PATH = "$(LOCAL_LIBRARY_DIR)/Frameworks";
				LD_RUNPATH_SEARCH_PATHS = (
					"$(inherited)",
					"@executable_path/../Frameworks",
					"@loader_path/Frameworks",
				);
				PRODUCT_BUNDLE_IDENTIFIER = uk.nuggle.AppleEvents;
				PRODUCT_NAME = "$(TARGET_NAME:c99extidentifier)";
				SKIP_INSTALL = YES;
				SWIFT_OBJC_BRIDGING_HEADER = "";
				SWIFT_OPTIMIZATION_LEVEL = "-Onone";
				SWIFT_VERSION = 5.0;
			};
			name = Debug;
		};
		4F257291232644F40002AED8 /* Release */ = {
			isa = XCBuildConfiguration;
			buildSettings = {
				CLANG_ENABLE_MODULES = YES;
				CODE_SIGN_IDENTITY = "";
				CODE_SIGN_STYLE = Automatic;
				COMBINE_HIDPI_IMAGES = YES;
				DEFINES_MODULE = YES;
				DEVELOPMENT_TEAM = 27XZ82KJ77;
				DYLIB_COMPATIBILITY_VERSION = 1;
				DYLIB_CURRENT_VERSION = 1;
				DYLIB_INSTALL_NAME_BASE = "@rpath";
				FRAMEWORK_VERSION = A;
				INFOPLIST_FILE = AppleEvents/Info.plist;
				INSTALL_PATH = "$(LOCAL_LIBRARY_DIR)/Frameworks";
				LD_RUNPATH_SEARCH_PATHS = (
					"$(inherited)",
					"@executable_path/../Frameworks",
					"@loader_path/Frameworks",
				);
				PRODUCT_BUNDLE_IDENTIFIER = uk.nuggle.AppleEvents;
				PRODUCT_NAME = "$(TARGET_NAME:c99extidentifier)";
				SKIP_INSTALL = YES;
				SWIFT_OBJC_BRIDGING_HEADER = "";
				SWIFT_VERSION = 5.0;
			};
			name = Release;
		};
		4F2572C02326468C0002AED8 /* Debug */ = {
			isa = XCBuildConfiguration;
			buildSettings = {
				CLANG_ENABLE_MODULES = YES;
				CODE_SIGN_STYLE = Automatic;
				DEVELOPMENT_TEAM = 27XZ82KJ77;
				EXECUTABLE_PREFIX = lib;
				LD_RUNPATH_SEARCH_PATHS = (
					"$(inherited)",
					"@executable_path/../Frameworks",
					"@loader_path/../Frameworks",
				);
				PRODUCT_NAME = "$(PROJECT_NAME)";
				SKIP_INSTALL = YES;
				SWIFT_OBJC_BRIDGING_HEADER = "AppleEvents/AppleEvents-Bridging-Header.h";
				SWIFT_OPTIMIZATION_LEVEL = "-Onone";
				SWIFT_VERSION = 5.0;
			};
			name = Debug;
		};
		4F2572C12326468C0002AED8 /* Release */ = {
			isa = XCBuildConfiguration;
			buildSettings = {
				CLANG_ENABLE_MODULES = YES;
				CODE_SIGN_STYLE = Automatic;
				DEVELOPMENT_TEAM = 27XZ82KJ77;
				EXECUTABLE_PREFIX = lib;
				LD_RUNPATH_SEARCH_PATHS = (
					"$(inherited)",
					"@executable_path/../Frameworks",
					"@loader_path/../Frameworks",
				);
				PRODUCT_NAME = "$(PROJECT_NAME)";
				SKIP_INSTALL = YES;
				SWIFT_OBJC_BRIDGING_HEADER = "AppleEvents/AppleEvents-Bridging-Header.h";
				SWIFT_VERSION = 5.0;
			};
			name = Release;
		};
/* End XCBuildConfiguration section */

/* Begin XCConfigurationList section */
		4F0B4C1023264B6D00BDA407 /* Build configuration list for PBXNativeTarget "test-receive" */ = {
			isa = XCConfigurationList;
			buildConfigurations = (
				4F0B4C0E23264B6D00BDA407 /* Debug */,
				4F0B4C0F23264B6D00BDA407 /* Release */,
			);
			defaultConfigurationIsVisible = 0;
			defaultConfigurationName = Release;
		};
		4F0B4C1C23264B8600BDA407 /* Build configuration list for PBXNativeTarget "test-send" */ = {
			isa = XCConfigurationList;
			buildConfigurations = (
				4F0B4C1D23264B8600BDA407 /* Debug */,
				4F0B4C1E23264B8600BDA407 /* Release */,
			);
			defaultConfigurationIsVisible = 0;
			defaultConfigurationName = Release;
		};
		4F257281232644F40002AED8 /* Build configuration list for PBXProject "AppleEvents" */ = {
			isa = XCConfigurationList;
			buildConfigurations = (
				4F25728D232644F40002AED8 /* Debug */,
				4F25728E232644F40002AED8 /* Release */,
			);
			defaultConfigurationIsVisible = 0;
			defaultConfigurationName = Release;
		};
		4F25728F232644F40002AED8 /* Build configuration list for PBXNativeTarget "AppleEvents" */ = {
			isa = XCConfigurationList;
			buildConfigurations = (
				4F257290232644F40002AED8 /* Debug */,
				4F257291232644F40002AED8 /* Release */,
			);
			defaultConfigurationIsVisible = 0;
			defaultConfigurationName = Release;
		};
		4F2572BF2326468C0002AED8 /* Build configuration list for PBXNativeTarget "libAppleEvents" */ = {
			isa = XCConfigurationList;
			buildConfigurations = (
				4F2572C02326468C0002AED8 /* Debug */,
				4F2572C12326468C0002AED8 /* Release */,
			);
			defaultConfigurationIsVisible = 0;
			defaultConfigurationName = Release;
		};
/* End XCConfigurationList section */
	};
	rootObject = 4F25727E232644F40002AED8 /* Project object */;
}
