// !$*UTF8*$!
{
	archiveVersion = 1;
	classes = {
	};
	objectVersion = 50;
	objects = {

/* Begin PBXBuildFile section */
		4F14D16E22778AAD00AB6DCC /* PackFuncs.swift in Sources */ = {isa = PBXBuildFile; fileRef = 4F14D16D22778AAD00AB6DCC /* PackFuncs.swift */; };
		4F20E1F3227B209E00819C4A /* UnpackFuncs.swift in Sources */ = {isa = PBXBuildFile; fileRef = 4F20E1F2227B209E00819C4A /* UnpackFuncs.swift */; };
		4F26AC6B2275F0CD0013CDD5 /* AddressDescriptor.swift in Sources */ = {isa = PBXBuildFile; fileRef = 4F26AC6A2275F0CD0013CDD5 /* AddressDescriptor.swift */; };
		4F26AC6D227602570013CDD5 /* AppleEventDescriptor.swift in Sources */ = {isa = PBXBuildFile; fileRef = 4F26AC6C227602570013CDD5 /* AppleEventDescriptor.swift */; };
		4F26AC6F227602830013CDD5 /* RecordDescriptor.swift in Sources */ = {isa = PBXBuildFile; fileRef = 4F26AC6E227602830013CDD5 /* RecordDescriptor.swift */; };
		4F283C852273AADF00F8C045 /* Support.swift in Sources */ = {isa = PBXBuildFile; fileRef = 4F283C842273AADF00F8C045 /* Support.swift */; };
		4F283C8922745F0200F8C045 /* Constants.swift in Sources */ = {isa = PBXBuildFile; fileRef = 4F283C8822745F0200F8C045 /* Constants.swift */; };
		4F283C8B2274892B00F8C045 /* Error.swift in Sources */ = {isa = PBXBuildFile; fileRef = 4F283C8A2274892B00F8C045 /* Error.swift */; };
		4F283C8D22748ACD00F8C045 /* ListDescriptor.swift in Sources */ = {isa = PBXBuildFile; fileRef = 4F283C8C22748ACD00F8C045 /* ListDescriptor.swift */; };
		4F2861BF227344750000CEBA /* main.swift in Sources */ = {isa = PBXBuildFile; fileRef = 4F2861BE227344750000CEBA /* main.swift */; };
		4F2861C6227344880000CEBA /* ScalarDescriptor.swift in Sources */ = {isa = PBXBuildFile; fileRef = 4F2861C5227344880000CEBA /* ScalarDescriptor.swift */; };
		4F510DAB227C69590011B00F /* Descriptor.swift in Sources */ = {isa = PBXBuildFile; fileRef = 4F510DAA227C69590011B00F /* Descriptor.swift */; };
		4F510DAD227CDE670011B00F /* QueryDescriptors.swift in Sources */ = {isa = PBXBuildFile; fileRef = 4F510DAC227CDE670011B00F /* QueryDescriptors.swift */; };
		4F510DB2227DAA710011B00F /* Unflatten.swift in Sources */ = {isa = PBXBuildFile; fileRef = 4F510DB1227DAA710011B00F /* Unflatten.swift */; };
/* End PBXBuildFile section */

/* Begin PBXCopyFilesBuildPhase section */
		4F2861B9227344750000CEBA /* CopyFiles */ = {
			isa = PBXCopyFilesBuildPhase;
			buildActionMask = 2147483647;
			dstPath = /usr/share/man/man1/;
			dstSubfolderSpec = 0;
			files = (
			);
			runOnlyForDeploymentPostprocessing = 1;
		};
/* End PBXCopyFilesBuildPhase section */

/* Begin PBXFileReference section */
		4F14D16D22778AAD00AB6DCC /* PackFuncs.swift */ = {isa = PBXFileReference; lastKnownFileType = sourcecode.swift; path = PackFuncs.swift; sourceTree = "<group>"; };
		4F20E1F2227B209E00819C4A /* UnpackFuncs.swift */ = {isa = PBXFileReference; lastKnownFileType = sourcecode.swift; path = UnpackFuncs.swift; sourceTree = "<group>"; };
		4F26AC6A2275F0CD0013CDD5 /* AddressDescriptor.swift */ = {isa = PBXFileReference; lastKnownFileType = sourcecode.swift; path = AddressDescriptor.swift; sourceTree = "<group>"; };
		4F26AC6C227602570013CDD5 /* AppleEventDescriptor.swift */ = {isa = PBXFileReference; lastKnownFileType = sourcecode.swift; path = AppleEventDescriptor.swift; sourceTree = "<group>"; };
		4F26AC6E227602830013CDD5 /* RecordDescriptor.swift */ = {isa = PBXFileReference; lastKnownFileType = sourcecode.swift; path = RecordDescriptor.swift; sourceTree = "<group>"; };
		4F283C842273AADF00F8C045 /* Support.swift */ = {isa = PBXFileReference; lastKnownFileType = sourcecode.swift; path = Support.swift; sourceTree = "<group>"; };
		4F283C8822745F0200F8C045 /* Constants.swift */ = {isa = PBXFileReference; lastKnownFileType = sourcecode.swift; path = Constants.swift; sourceTree = "<group>"; };
		4F283C8A2274892B00F8C045 /* Error.swift */ = {isa = PBXFileReference; lastKnownFileType = sourcecode.swift; path = Error.swift; sourceTree = "<group>"; };
		4F283C8C22748ACD00F8C045 /* ListDescriptor.swift */ = {isa = PBXFileReference; lastKnownFileType = sourcecode.swift; path = ListDescriptor.swift; sourceTree = "<group>"; };
		4F2861BB227344750000CEBA /* AppleEventDescriptor */ = {isa = PBXFileReference; explicitFileType = "compiled.mach-o.executable"; includeInIndex = 0; path = AppleEventDescriptor; sourceTree = BUILT_PRODUCTS_DIR; };
		4F2861BE227344750000CEBA /* main.swift */ = {isa = PBXFileReference; lastKnownFileType = sourcecode.swift; path = main.swift; sourceTree = "<group>"; };
		4F2861C5227344880000CEBA /* ScalarDescriptor.swift */ = {isa = PBXFileReference; lastKnownFileType = sourcecode.swift; path = ScalarDescriptor.swift; sourceTree = "<group>"; };
		4F510DAA227C69590011B00F /* Descriptor.swift */ = {isa = PBXFileReference; lastKnownFileType = sourcecode.swift; path = Descriptor.swift; sourceTree = "<group>"; };
		4F510DAC227CDE670011B00F /* QueryDescriptors.swift */ = {isa = PBXFileReference; lastKnownFileType = sourcecode.swift; path = QueryDescriptors.swift; sourceTree = "<group>"; };
		4F510DB1227DAA710011B00F /* Unflatten.swift */ = {isa = PBXFileReference; lastKnownFileType = sourcecode.swift; path = Unflatten.swift; sourceTree = "<group>"; };
/* End PBXFileReference section */

/* Begin PBXFrameworksBuildPhase section */
		4F2861B8227344750000CEBA /* Frameworks */ = {
			isa = PBXFrameworksBuildPhase;
			buildActionMask = 2147483647;
			files = (
			);
			runOnlyForDeploymentPostprocessing = 0;
		};
/* End PBXFrameworksBuildPhase section */

/* Begin PBXGroup section */
		4F2861B2227344750000CEBA = {
			isa = PBXGroup;
			children = (
				4F2861BD227344750000CEBA /* AppleEventDescriptor */,
				4F2861BC227344750000CEBA /* Products */,
			);
			sourceTree = "<group>";
		};
		4F2861BC227344750000CEBA /* Products */ = {
			isa = PBXGroup;
			children = (
				4F2861BB227344750000CEBA /* AppleEventDescriptor */,
			);
			name = Products;
			sourceTree = "<group>";
		};
		4F2861BD227344750000CEBA /* AppleEventDescriptor */ = {
			isa = PBXGroup;
			children = (
				4F2861BE227344750000CEBA /* main.swift */,
				4F510DB0227CF22C0011B00F /* codecs */,
				4F510DAF227CECFE0011B00F /* descriptors */,
				4F283C8A2274892B00F8C045 /* Error.swift */,
				4F283C842273AADF00F8C045 /* Support.swift */,
				4F283C8822745F0200F8C045 /* Constants.swift */,
			);
			path = AppleEventDescriptor;
			sourceTree = "<group>";
		};
		4F510DAF227CECFE0011B00F /* descriptors */ = {
			isa = PBXGroup;
			children = (
				4F510DAA227C69590011B00F /* Descriptor.swift */,
				4F2861C5227344880000CEBA /* ScalarDescriptor.swift */,
				4F26AC6A2275F0CD0013CDD5 /* AddressDescriptor.swift */,
				4F283C8C22748ACD00F8C045 /* ListDescriptor.swift */,
				4F26AC6E227602830013CDD5 /* RecordDescriptor.swift */,
				4F510DAC227CDE670011B00F /* QueryDescriptors.swift */,
				4F26AC6C227602570013CDD5 /* AppleEventDescriptor.swift */,
			);
			name = descriptors;
			sourceTree = "<group>";
		};
		4F510DB0227CF22C0011B00F /* codecs */ = {
			isa = PBXGroup;
			children = (
				4F510DB1227DAA710011B00F /* Unflatten.swift */,
				4F14D16D22778AAD00AB6DCC /* PackFuncs.swift */,
				4F20E1F2227B209E00819C4A /* UnpackFuncs.swift */,
			);
			name = codecs;
			sourceTree = "<group>";
		};
/* End PBXGroup section */

/* Begin PBXNativeTarget section */
		4F2861BA227344750000CEBA /* AppleEventDescriptor */ = {
			isa = PBXNativeTarget;
			buildConfigurationList = 4F2861C2227344750000CEBA /* Build configuration list for PBXNativeTarget "AppleEventDescriptor" */;
			buildPhases = (
				4F2861B7227344750000CEBA /* Sources */,
				4F2861B8227344750000CEBA /* Frameworks */,
				4F2861B9227344750000CEBA /* CopyFiles */,
			);
			buildRules = (
			);
			dependencies = (
			);
			name = AppleEventDescriptor;
			productName = AppleEventDescriptor;
			productReference = 4F2861BB227344750000CEBA /* AppleEventDescriptor */;
			productType = "com.apple.product-type.tool";
		};
/* End PBXNativeTarget section */

/* Begin PBXProject section */
		4F2861B3227344750000CEBA /* Project object */ = {
			isa = PBXProject;
			attributes = {
				LastSwiftUpdateCheck = 1020;
				LastUpgradeCheck = 1020;
				TargetAttributes = {
					4F2861BA227344750000CEBA = {
						CreatedOnToolsVersion = 10.2.1;
					};
				};
			};
			buildConfigurationList = 4F2861B6227344750000CEBA /* Build configuration list for PBXProject "AppleEventDescriptor" */;
			compatibilityVersion = "Xcode 9.3";
			developmentRegion = en;
			hasScannedForEncodings = 0;
			knownRegions = (
				en,
			);
			mainGroup = 4F2861B2227344750000CEBA;
			productRefGroup = 4F2861BC227344750000CEBA /* Products */;
			projectDirPath = "";
			projectRoot = "";
			targets = (
				4F2861BA227344750000CEBA /* AppleEventDescriptor */,
			);
		};
/* End PBXProject section */

/* Begin PBXSourcesBuildPhase section */
		4F2861B7227344750000CEBA /* Sources */ = {
			isa = PBXSourcesBuildPhase;
			buildActionMask = 2147483647;
			files = (
				4F283C8922745F0200F8C045 /* Constants.swift in Sources */,
				4F26AC6F227602830013CDD5 /* RecordDescriptor.swift in Sources */,
				4F14D16E22778AAD00AB6DCC /* PackFuncs.swift in Sources */,
				4F20E1F3227B209E00819C4A /* UnpackFuncs.swift in Sources */,
				4F510DAD227CDE670011B00F /* QueryDescriptors.swift in Sources */,
				4F2861C6227344880000CEBA /* ScalarDescriptor.swift in Sources */,
				4F2861BF227344750000CEBA /* main.swift in Sources */,
				4F283C8B2274892B00F8C045 /* Error.swift in Sources */,
				4F26AC6D227602570013CDD5 /* AppleEventDescriptor.swift in Sources */,
				4F283C8D22748ACD00F8C045 /* ListDescriptor.swift in Sources */,
				4F283C852273AADF00F8C045 /* Support.swift in Sources */,
				4F510DAB227C69590011B00F /* Descriptor.swift in Sources */,
				4F26AC6B2275F0CD0013CDD5 /* AddressDescriptor.swift in Sources */,
				4F510DB2227DAA710011B00F /* Unflatten.swift in Sources */,
			);
			runOnlyForDeploymentPostprocessing = 0;
		};
/* End PBXSourcesBuildPhase section */

/* Begin XCBuildConfiguration section */
		4F2861C0227344750000CEBA /* Debug */ = {
			isa = XCBuildConfiguration;
			buildSettings = {
				ALWAYS_SEARCH_USER_PATHS = NO;
				CLANG_ANALYZER_NONNULL = YES;
				CLANG_ANALYZER_NUMBER_OBJECT_CONVERSION = YES_AGGRESSIVE;
				CLANG_CXX_LANGUAGE_STANDARD = "gnu++14";
				CLANG_CXX_LIBRARY = "libc++";
				CLANG_ENABLE_MODULES = YES;
				CLANG_ENABLE_OBJC_ARC = YES;
				CLANG_ENABLE_OBJC_WEAK = YES;
				CLANG_WARN_BLOCK_CAPTURE_AUTORELEASING = YES;
				CLANG_WARN_BOOL_CONVERSION = YES;
				CLANG_WARN_COMMA = YES;
				CLANG_WARN_CONSTANT_CONVERSION = YES;
				CLANG_WARN_DEPRECATED_OBJC_IMPLEMENTATIONS = YES;
				CLANG_WARN_DIRECT_OBJC_ISA_USAGE = YES_ERROR;
				CLANG_WARN_DOCUMENTATION_COMMENTS = YES;
				CLANG_WARN_EMPTY_BODY = YES;
				CLANG_WARN_ENUM_CONVERSION = YES;
				CLANG_WARN_INFINITE_RECURSION = YES;
				CLANG_WARN_INT_CONVERSION = YES;
				CLANG_WARN_NON_LITERAL_NULL_CONVERSION = YES;
				CLANG_WARN_OBJC_IMPLICIT_RETAIN_SELF = YES;
				CLANG_WARN_OBJC_LITERAL_CONVERSION = YES;
				CLANG_WARN_OBJC_ROOT_CLASS = YES_ERROR;
				CLANG_WARN_RANGE_LOOP_ANALYSIS = YES;
				CLANG_WARN_STRICT_PROTOTYPES = YES;
				CLANG_WARN_SUSPICIOUS_MOVE = YES;
				CLANG_WARN_UNGUARDED_AVAILABILITY = YES_AGGRESSIVE;
				CLANG_WARN_UNREACHABLE_CODE = YES;
				CLANG_WARN__DUPLICATE_METHOD_MATCH = YES;
				CODE_SIGN_IDENTITY = "Mac Developer";
				COPY_PHASE_STRIP = NO;
				DEBUG_INFORMATION_FORMAT = dwarf;
				ENABLE_STRICT_OBJC_MSGSEND = YES;
				ENABLE_TESTABILITY = YES;
				GCC_C_LANGUAGE_STANDARD = gnu11;
				GCC_DYNAMIC_NO_PIC = NO;
				GCC_NO_COMMON_BLOCKS = YES;
				GCC_OPTIMIZATION_LEVEL = 0;
				GCC_PREPROCESSOR_DEFINITIONS = (
					"DEBUG=1",
					"$(inherited)",
				);
				GCC_WARN_64_TO_32_BIT_CONVERSION = YES;
				GCC_WARN_ABOUT_RETURN_TYPE = YES_ERROR;
				GCC_WARN_UNDECLARED_SELECTOR = YES;
				GCC_WARN_UNINITIALIZED_AUTOS = YES_AGGRESSIVE;
				GCC_WARN_UNUSED_FUNCTION = YES;
				GCC_WARN_UNUSED_VARIABLE = YES;
				MACOSX_DEPLOYMENT_TARGET = 10.14;
				MTL_ENABLE_DEBUG_INFO = INCLUDE_SOURCE;
				MTL_FAST_MATH = YES;
				ONLY_ACTIVE_ARCH = YES;
				SDKROOT = macosx;
				SWIFT_ACTIVE_COMPILATION_CONDITIONS = DEBUG;
				SWIFT_OPTIMIZATION_LEVEL = "-Onone";
			};
			name = Debug;
		};
		4F2861C1227344750000CEBA /* Release */ = {
			isa = XCBuildConfiguration;
			buildSettings = {
				ALWAYS_SEARCH_USER_PATHS = NO;
				CLANG_ANALYZER_NONNULL = YES;
				CLANG_ANALYZER_NUMBER_OBJECT_CONVERSION = YES_AGGRESSIVE;
				CLANG_CXX_LANGUAGE_STANDARD = "gnu++14";
				CLANG_CXX_LIBRARY = "libc++";
				CLANG_ENABLE_MODULES = YES;
				CLANG_ENABLE_OBJC_ARC = YES;
				CLANG_ENABLE_OBJC_WEAK = YES;
				CLANG_WARN_BLOCK_CAPTURE_AUTORELEASING = YES;
				CLANG_WARN_BOOL_CONVERSION = YES;
				CLANG_WARN_COMMA = YES;
				CLANG_WARN_CONSTANT_CONVERSION = YES;
				CLANG_WARN_DEPRECATED_OBJC_IMPLEMENTATIONS = YES;
				CLANG_WARN_DIRECT_OBJC_ISA_USAGE = YES_ERROR;
				CLANG_WARN_DOCUMENTATION_COMMENTS = YES;
				CLANG_WARN_EMPTY_BODY = YES;
				CLANG_WARN_ENUM_CONVERSION = YES;
				CLANG_WARN_INFINITE_RECURSION = YES;
				CLANG_WARN_INT_CONVERSION = YES;
				CLANG_WARN_NON_LITERAL_NULL_CONVERSION = YES;
				CLANG_WARN_OBJC_IMPLICIT_RETAIN_SELF = YES;
				CLANG_WARN_OBJC_LITERAL_CONVERSION = YES;
				CLANG_WARN_OBJC_ROOT_CLASS = YES_ERROR;
				CLANG_WARN_RANGE_LOOP_ANALYSIS = YES;
				CLANG_WARN_STRICT_PROTOTYPES = YES;
				CLANG_WARN_SUSPICIOUS_MOVE = YES;
				CLANG_WARN_UNGUARDED_AVAILABILITY = YES_AGGRESSIVE;
				CLANG_WARN_UNREACHABLE_CODE = YES;
				CLANG_WARN__DUPLICATE_METHOD_MATCH = YES;
				CODE_SIGN_IDENTITY = "Mac Developer";
				COPY_PHASE_STRIP = NO;
				DEBUG_INFORMATION_FORMAT = "dwarf-with-dsym";
				ENABLE_NS_ASSERTIONS = NO;
				ENABLE_STRICT_OBJC_MSGSEND = YES;
				GCC_C_LANGUAGE_STANDARD = gnu11;
				GCC_NO_COMMON_BLOCKS = YES;
				GCC_WARN_64_TO_32_BIT_CONVERSION = YES;
				GCC_WARN_ABOUT_RETURN_TYPE = YES_ERROR;
				GCC_WARN_UNDECLARED_SELECTOR = YES;
				GCC_WARN_UNINITIALIZED_AUTOS = YES_AGGRESSIVE;
				GCC_WARN_UNUSED_FUNCTION = YES;
				GCC_WARN_UNUSED_VARIABLE = YES;
				MACOSX_DEPLOYMENT_TARGET = 10.14;
				MTL_ENABLE_DEBUG_INFO = NO;
				MTL_FAST_MATH = YES;
				SDKROOT = macosx;
				SWIFT_COMPILATION_MODE = wholemodule;
				SWIFT_OPTIMIZATION_LEVEL = "-O";
			};
			name = Release;
		};
		4F2861C3227344750000CEBA /* Debug */ = {
			isa = XCBuildConfiguration;
			buildSettings = {
				CODE_SIGN_STYLE = Automatic;
				DEVELOPMENT_TEAM = 27XZ82KJ77;
				PRODUCT_NAME = "$(TARGET_NAME)";
				SWIFT_VERSION = 5.0;
			};
			name = Debug;
		};
		4F2861C4227344750000CEBA /* Release */ = {
			isa = XCBuildConfiguration;
			buildSettings = {
				CODE_SIGN_STYLE = Automatic;
				DEVELOPMENT_TEAM = 27XZ82KJ77;
				PRODUCT_NAME = "$(TARGET_NAME)";
				SWIFT_VERSION = 5.0;
			};
			name = Release;
		};
/* End XCBuildConfiguration section */

/* Begin XCConfigurationList section */
		4F2861B6227344750000CEBA /* Build configuration list for PBXProject "AppleEventDescriptor" */ = {
			isa = XCConfigurationList;
			buildConfigurations = (
				4F2861C0227344750000CEBA /* Debug */,
				4F2861C1227344750000CEBA /* Release */,
			);
			defaultConfigurationIsVisible = 0;
			defaultConfigurationName = Release;
		};
		4F2861C2227344750000CEBA /* Build configuration list for PBXNativeTarget "AppleEventDescriptor" */ = {
			isa = XCConfigurationList;
			buildConfigurations = (
				4F2861C3227344750000CEBA /* Debug */,
				4F2861C4227344750000CEBA /* Release */,
			);
			defaultConfigurationIsVisible = 0;
			defaultConfigurationName = Release;
		};
/* End XCConfigurationList section */
	};
	rootObject = 4F2861B3227344750000CEBA /* Project object */;
}
